<?xml version="1.0" encoding="utf-8"?>
<Project ToolsVersion="4.0" xmlns="http://schemas.microsoft.com/developer/msbuild/2003">
  <ItemGroup>
    <Filter Include="Source Files">
      <UniqueIdentifier>{4FC737F1-C7A5-4376-A066-2A32D752A2FF}</UniqueIdentifier>
      <Extensions>cpp;c;cc;cxx;c++;cppm;ixx;def;odl;idl;hpj;bat;asm;asmx</Extensions>
    </Filter>
    <Filter Include="Header Files">
      <UniqueIdentifier>{93995380-89BD-4b04-88EB-625FBE52EBFB}</UniqueIdentifier>
      <Extensions>h;hh;hpp;hxx;h++;hm;inl;inc;ipp;xsd</Extensions>
    </Filter>
    <Filter Include="Resource Files">
      <UniqueIdentifier>{67DA6AB6-F800-4c08-8B7A-83BB121AAD01}</UniqueIdentifier>
      <Extensions>rc;ico;cur;bmp;dlg;rc2;rct;bin;rgs;gif;jpg;jpeg;jpe;resx;tiff;tif;png;wav;mfcribbon-ms</Extensions>
    </Filter>
    <Filter Include="Header Files\cocos2d">
      <UniqueIdentifier>{53fe1fca-e9f6-4c20-933a-86b685a26920}</UniqueIdentifier>
    </Filter>
    <Filter Include="libs">
      <UniqueIdentifier>{f49fb4a0-c5c4-4ae2-b8bf-86009d8343b9}</UniqueIdentifier>
    </Filter>
    <Filter Include="libs\gd.h">
      <UniqueIdentifier>{2b6b346b-7ba2-4445-b6ee-b8bcd5cea4e6}</UniqueIdentifier>
    </Filter>
    <Filter Include="libs\MinHook">
      <UniqueIdentifier>{a6403469-f668-4ff7-aa0d-29f961d38a03}</UniqueIdentifier>
    </Filter>
    <Filter Include="libs\ImGui">
      <UniqueIdentifier>{456ec293-e762-4cd6-8b97-1fe07c7e69ef}</UniqueIdentifier>
    </Filter>
    <Filter Include="libs\mat-dash">
      <UniqueIdentifier>{4dc07176-4d93-47a5-be33-d64361a4e454}</UniqueIdentifier>
    </Filter>
    <Filter Include="Header Files\Hooks">
      <UniqueIdentifier>{7b00abb7-50d2-4b7b-8ed7-ac0ef4d1e946}</UniqueIdentifier>
    </Filter>
    <Filter Include="Source Files\Hooks">
      <UniqueIdentifier>{65c9a9f5-c64e-4b43-bf20-e3c88ce8254e}</UniqueIdentifier>
    </Filter>
    <Filter Include="Header Files\Polz2">
      <UniqueIdentifier>{21eb153b-c7ff-42ae-8aa3-c40c3ba1e519}</UniqueIdentifier>
    </Filter>
    <Filter Include="Source Files\Polz2">
      <UniqueIdentifier>{6050e373-f925-4aff-b4b3-acf06a485fb4}</UniqueIdentifier>
    </Filter>
    <Filter Include="libs\detours">
      <UniqueIdentifier>{86e30898-bbc5-432a-bdd0-9fdfc479bf40}</UniqueIdentifier>
    </Filter>
    <Filter Include="libs\nfd">
      <UniqueIdentifier>{69c8ce71-9cd5-4838-84e9-ecd09ae2b6ff}</UniqueIdentifier>
    </Filter>
  </ItemGroup>
  <ItemGroup>
    <ClInclude Include="framework.h">
      <Filter>Header Files</Filter>
    </ClInclude>
    <ClInclude Include="pch.h">
      <Filter>Header Files</Filter>
    </ClInclude>
    <ClInclude Include="cappuccino-sdk\incl\cocos2dx\actions\CCAction.h">
      <Filter>Header Files\cocos2d</Filter>
    </ClInclude>
    <ClInclude Include="cappuccino-sdk\incl\cocos2dx\actions\CCActionCamera.h">
      <Filter>Header Files\cocos2d</Filter>
    </ClInclude>
    <ClInclude Include="cappuccino-sdk\incl\cocos2dx\actions\CCActionCatmullRom.h">
      <Filter>Header Files\cocos2d</Filter>
    </ClInclude>
    <ClInclude Include="cappuccino-sdk\incl\cocos2dx\actions\CCActionEase.h">
      <Filter>Header Files\cocos2d</Filter>
    </ClInclude>
    <ClInclude Include="cappuccino-sdk\incl\cocos2dx\actions\CCActionGrid.h">
      <Filter>Header Files\cocos2d</Filter>
    </ClInclude>
    <ClInclude Include="cappuccino-sdk\incl\cocos2dx\actions\CCActionGrid3D.h">
      <Filter>Header Files\cocos2d</Filter>
    </ClInclude>
    <ClInclude Include="cappuccino-sdk\incl\cocos2dx\actions\CCActionInstant.h">
      <Filter>Header Files\cocos2d</Filter>
    </ClInclude>
    <ClInclude Include="cappuccino-sdk\incl\cocos2dx\actions\CCActionInterval.h">
      <Filter>Header Files\cocos2d</Filter>
    </ClInclude>
    <ClInclude Include="cappuccino-sdk\incl\cocos2dx\actions\CCActionManager.h">
      <Filter>Header Files\cocos2d</Filter>
    </ClInclude>
    <ClInclude Include="cappuccino-sdk\incl\cocos2dx\actions\CCActionPageTurn3D.h">
      <Filter>Header Files\cocos2d</Filter>
    </ClInclude>
    <ClInclude Include="cappuccino-sdk\incl\cocos2dx\actions\CCActionProgressTimer.h">
      <Filter>Header Files\cocos2d</Filter>
    </ClInclude>
    <ClInclude Include="cappuccino-sdk\incl\cocos2dx\actions\CCActionTiledGrid.h">
      <Filter>Header Files\cocos2d</Filter>
    </ClInclude>
    <ClInclude Include="cappuccino-sdk\incl\cocos2dx\actions\CCActionTween.h">
      <Filter>Header Files\cocos2d</Filter>
    </ClInclude>
    <ClInclude Include="cappuccino-sdk\incl\cocos2dx\base_nodes\CCAtlasNode.h">
      <Filter>Header Files\cocos2d</Filter>
    </ClInclude>
    <ClInclude Include="cappuccino-sdk\incl\cocos2dx\base_nodes\CCGLBufferedNode.h">
      <Filter>Header Files\cocos2d</Filter>
    </ClInclude>
    <ClInclude Include="cappuccino-sdk\incl\cocos2dx\base_nodes\CCNode.h">
      <Filter>Header Files\cocos2d</Filter>
    </ClInclude>
    <ClInclude Include="cappuccino-sdk\incl\cocos2dx\CCCamera.h">
      <Filter>Header Files\cocos2d</Filter>
    </ClInclude>
    <ClInclude Include="cappuccino-sdk\incl\cocos2dx\CCConfiguration.h">
      <Filter>Header Files\cocos2d</Filter>
    </ClInclude>
    <ClInclude Include="cappuccino-sdk\incl\cocos2dx\CCDirector.h">
      <Filter>Header Files\cocos2d</Filter>
    </ClInclude>
    <ClInclude Include="cappuccino-sdk\incl\cocos2dx\ccFPSImages.h">
      <Filter>Header Files\cocos2d</Filter>
    </ClInclude>
    <ClInclude Include="cappuccino-sdk\incl\cocos2dx\CCScheduler.h">
      <Filter>Header Files\cocos2d</Filter>
    </ClInclude>
    <ClInclude Include="cappuccino-sdk\incl\cocos2dx\cocoa\CCAffineTransform.h">
      <Filter>Header Files\cocos2d</Filter>
    </ClInclude>
    <ClInclude Include="cappuccino-sdk\incl\cocos2dx\cocoa\CCArray.h">
      <Filter>Header Files\cocos2d</Filter>
    </ClInclude>
    <ClInclude Include="cappuccino-sdk\incl\cocos2dx\cocoa\CCAutoreleasePool.h">
      <Filter>Header Files\cocos2d</Filter>
    </ClInclude>
    <ClInclude Include="cappuccino-sdk\incl\cocos2dx\cocoa\CCBool.h">
      <Filter>Header Files\cocos2d</Filter>
    </ClInclude>
    <ClInclude Include="cappuccino-sdk\incl\cocos2dx\cocoa\CCDataVisitor.h">
      <Filter>Header Files\cocos2d</Filter>
    </ClInclude>
    <ClInclude Include="cappuccino-sdk\incl\cocos2dx\cocoa\CCDictionary.h">
      <Filter>Header Files\cocos2d</Filter>
    </ClInclude>
    <ClInclude Include="cappuccino-sdk\incl\cocos2dx\cocoa\CCDouble.h">
      <Filter>Header Files\cocos2d</Filter>
    </ClInclude>
    <ClInclude Include="cappuccino-sdk\incl\cocos2dx\cocoa\CCFloat.h">
      <Filter>Header Files\cocos2d</Filter>
    </ClInclude>
    <ClInclude Include="cappuccino-sdk\incl\cocos2dx\cocoa\CCGeometry.h">
      <Filter>Header Files\cocos2d</Filter>
    </ClInclude>
    <ClInclude Include="cappuccino-sdk\incl\cocos2dx\cocoa\CCInteger.h">
      <Filter>Header Files\cocos2d</Filter>
    </ClInclude>
    <ClInclude Include="cappuccino-sdk\incl\cocos2dx\cocoa\CCNS.h">
      <Filter>Header Files\cocos2d</Filter>
    </ClInclude>
    <ClInclude Include="cappuccino-sdk\incl\cocos2dx\cocoa\CCObject.h">
      <Filter>Header Files\cocos2d</Filter>
    </ClInclude>
    <ClInclude Include="cappuccino-sdk\incl\cocos2dx\cocoa\CCSet.h">
      <Filter>Header Files\cocos2d</Filter>
    </ClInclude>
    <ClInclude Include="cappuccino-sdk\incl\cocos2dx\cocoa\CCString.h">
      <Filter>Header Files\cocos2d</Filter>
    </ClInclude>
    <ClInclude Include="cappuccino-sdk\incl\cocos2dx\cocoa\CCZone.h">
      <Filter>Header Files\cocos2d</Filter>
    </ClInclude>
    <ClInclude Include="cappuccino-sdk\incl\cocos2dx\custom\Delegates\CCKeyboardDelegate.h">
      <Filter>Header Files\cocos2d</Filter>
    </ClInclude>
    <ClInclude Include="cappuccino-sdk\incl\cocos2dx\custom\Delegates\CCMouseDelegate.h">
      <Filter>Header Files\cocos2d</Filter>
    </ClInclude>
    <ClInclude Include="cappuccino-sdk\incl\cocos2dx\custom\Sprites\CCMenuItemSpriteExtra\CCMenuItemSpriteExtra.h">
      <Filter>Header Files\cocos2d</Filter>
    </ClInclude>
    <ClInclude Include="cappuccino-sdk\incl\cocos2dx\custom\Sprites\CCSpriteExtra\CCSpriteExtra.h">
      <Filter>Header Files\cocos2d</Filter>
    </ClInclude>
    <ClInclude Include="cappuccino-sdk\incl\cocos2dx\draw_nodes\CCDrawingPrimitives.h">
      <Filter>Header Files\cocos2d</Filter>
    </ClInclude>
    <ClInclude Include="cappuccino-sdk\incl\cocos2dx\draw_nodes\CCDrawNode.h">
      <Filter>Header Files\cocos2d</Filter>
    </ClInclude>
    <ClInclude Include="cappuccino-sdk\incl\cocos2dx\effects\CCGrabber.h">
      <Filter>Header Files\cocos2d</Filter>
    </ClInclude>
    <ClInclude Include="cappuccino-sdk\incl\cocos2dx\effects\CCGrid.h">
      <Filter>Header Files\cocos2d</Filter>
    </ClInclude>
    <ClInclude Include="cappuccino-sdk\incl\cocos2dx\include\ccConfig.h">
      <Filter>Header Files\cocos2d</Filter>
    </ClInclude>
    <ClInclude Include="cappuccino-sdk\incl\cocos2dx\include\CCEventType.h">
      <Filter>Header Files\cocos2d</Filter>
    </ClInclude>
    <ClInclude Include="cappuccino-sdk\incl\cocos2dx\include\ccMacros.h">
      <Filter>Header Files\cocos2d</Filter>
    </ClInclude>
    <ClInclude Include="cappuccino-sdk\incl\cocos2dx\include\CCProtocols.h">
      <Filter>Header Files\cocos2d</Filter>
    </ClInclude>
    <ClInclude Include="cappuccino-sdk\incl\cocos2dx\include\ccTypeInfo.h">
      <Filter>Header Files\cocos2d</Filter>
    </ClInclude>
    <ClInclude Include="cappuccino-sdk\incl\cocos2dx\include\ccTypes.h">
      <Filter>Header Files\cocos2d</Filter>
    </ClInclude>
    <ClInclude Include="cappuccino-sdk\incl\cocos2dx\include\cocos2d.h">
      <Filter>Header Files\cocos2d</Filter>
    </ClInclude>
    <ClInclude Include="cappuccino-sdk\incl\cocos2dx\kazmath\include\kazmath\aabb.h">
      <Filter>Header Files\cocos2d</Filter>
    </ClInclude>
    <ClInclude Include="cappuccino-sdk\incl\cocos2dx\kazmath\include\kazmath\GL\mat4stack.h">
      <Filter>Header Files\cocos2d</Filter>
    </ClInclude>
    <ClInclude Include="cappuccino-sdk\incl\cocos2dx\kazmath\include\kazmath\GL\matrix.h">
      <Filter>Header Files\cocos2d</Filter>
    </ClInclude>
    <ClInclude Include="cappuccino-sdk\incl\cocos2dx\kazmath\include\kazmath\kazmath.h">
      <Filter>Header Files\cocos2d</Filter>
    </ClInclude>
    <ClInclude Include="cappuccino-sdk\incl\cocos2dx\kazmath\include\kazmath\mat3.h">
      <Filter>Header Files\cocos2d</Filter>
    </ClInclude>
    <ClInclude Include="cappuccino-sdk\incl\cocos2dx\kazmath\include\kazmath\mat4.h">
      <Filter>Header Files\cocos2d</Filter>
    </ClInclude>
    <ClInclude Include="cappuccino-sdk\incl\cocos2dx\kazmath\include\kazmath\neon_matrix_impl.h">
      <Filter>Header Files\cocos2d</Filter>
    </ClInclude>
    <ClInclude Include="cappuccino-sdk\incl\cocos2dx\kazmath\include\kazmath\plane.h">
      <Filter>Header Files\cocos2d</Filter>
    </ClInclude>
    <ClInclude Include="cappuccino-sdk\incl\cocos2dx\kazmath\include\kazmath\quaternion.h">
      <Filter>Header Files\cocos2d</Filter>
    </ClInclude>
    <ClInclude Include="cappuccino-sdk\incl\cocos2dx\kazmath\include\kazmath\ray2.h">
      <Filter>Header Files\cocos2d</Filter>
    </ClInclude>
    <ClInclude Include="cappuccino-sdk\incl\cocos2dx\kazmath\include\kazmath\utility.h">
      <Filter>Header Files\cocos2d</Filter>
    </ClInclude>
    <ClInclude Include="cappuccino-sdk\incl\cocos2dx\kazmath\include\kazmath\vec2.h">
      <Filter>Header Files\cocos2d</Filter>
    </ClInclude>
    <ClInclude Include="cappuccino-sdk\incl\cocos2dx\kazmath\include\kazmath\vec3.h">
      <Filter>Header Files\cocos2d</Filter>
    </ClInclude>
    <ClInclude Include="cappuccino-sdk\incl\cocos2dx\kazmath\include\kazmath\vec4.h">
      <Filter>Header Files\cocos2d</Filter>
    </ClInclude>
    <ClInclude Include="cappuccino-sdk\incl\cocos2dx\keypad_dispatcher\CCKeypadDelegate.h">
      <Filter>Header Files\cocos2d</Filter>
    </ClInclude>
    <ClInclude Include="cappuccino-sdk\incl\cocos2dx\keypad_dispatcher\CCKeypadDispatcher.h">
      <Filter>Header Files\cocos2d</Filter>
    </ClInclude>
    <ClInclude Include="cappuccino-sdk\incl\cocos2dx\label_nodes\CCLabelAtlas.h">
      <Filter>Header Files\cocos2d</Filter>
    </ClInclude>
    <ClInclude Include="cappuccino-sdk\incl\cocos2dx\label_nodes\CCLabelBMFont.h">
      <Filter>Header Files\cocos2d</Filter>
    </ClInclude>
    <ClInclude Include="cappuccino-sdk\incl\cocos2dx\label_nodes\CCLabelTTF.h">
      <Filter>Header Files\cocos2d</Filter>
    </ClInclude>
    <ClInclude Include="cappuccino-sdk\incl\cocos2dx\layers_scenes_transitions_nodes\CCLayer.h">
      <Filter>Header Files\cocos2d</Filter>
    </ClInclude>
    <ClInclude Include="cappuccino-sdk\incl\cocos2dx\layers_scenes_transitions_nodes\CCScene.h">
      <Filter>Header Files\cocos2d</Filter>
    </ClInclude>
    <ClInclude Include="cappuccino-sdk\incl\cocos2dx\layers_scenes_transitions_nodes\CCTransition.h">
      <Filter>Header Files\cocos2d</Filter>
    </ClInclude>
    <ClInclude Include="cappuccino-sdk\incl\cocos2dx\layers_scenes_transitions_nodes\CCTransitionPageTurn.h">
      <Filter>Header Files\cocos2d</Filter>
    </ClInclude>
    <ClInclude Include="cappuccino-sdk\incl\cocos2dx\layers_scenes_transitions_nodes\CCTransitionProgress.h">
      <Filter>Header Files\cocos2d</Filter>
    </ClInclude>
    <ClInclude Include="cappuccino-sdk\incl\cocos2dx\menu_nodes\CCMenu.h">
      <Filter>Header Files\cocos2d</Filter>
    </ClInclude>
    <ClInclude Include="cappuccino-sdk\incl\cocos2dx\menu_nodes\CCMenuItem.h">
      <Filter>Header Files\cocos2d</Filter>
    </ClInclude>
    <ClInclude Include="cappuccino-sdk\incl\cocos2dx\misc_nodes\CCClippingNode.h">
      <Filter>Header Files\cocos2d</Filter>
    </ClInclude>
    <ClInclude Include="cappuccino-sdk\incl\cocos2dx\misc_nodes\CCMotionStreak.h">
      <Filter>Header Files\cocos2d</Filter>
    </ClInclude>
    <ClInclude Include="cappuccino-sdk\incl\cocos2dx\misc_nodes\CCProgressTimer.h">
      <Filter>Header Files\cocos2d</Filter>
    </ClInclude>
    <ClInclude Include="cappuccino-sdk\incl\cocos2dx\misc_nodes\CCRenderTexture.h">
      <Filter>Header Files\cocos2d</Filter>
    </ClInclude>
    <ClInclude Include="cappuccino-sdk\incl\cocos2dx\particle_nodes\CCParticleBatchNode.h">
      <Filter>Header Files\cocos2d</Filter>
    </ClInclude>
    <ClInclude Include="cappuccino-sdk\incl\cocos2dx\particle_nodes\CCParticleExamples.h">
      <Filter>Header Files\cocos2d</Filter>
    </ClInclude>
    <ClInclude Include="cappuccino-sdk\incl\cocos2dx\particle_nodes\CCParticleSystem.h">
      <Filter>Header Files\cocos2d</Filter>
    </ClInclude>
    <ClInclude Include="cappuccino-sdk\incl\cocos2dx\particle_nodes\CCParticleSystemQuad.h">
      <Filter>Header Files\cocos2d</Filter>
    </ClInclude>
    <ClInclude Include="cappuccino-sdk\incl\cocos2dx\particle_nodes\firePngData.h">
      <Filter>Header Files\cocos2d</Filter>
    </ClInclude>
    <ClInclude Include="cappuccino-sdk\incl\cocos2dx\platform\CCAccelerometerDelegate.h">
      <Filter>Header Files\cocos2d</Filter>
    </ClInclude>
    <ClInclude Include="cappuccino-sdk\incl\cocos2dx\platform\CCApplicationProtocol.h">
      <Filter>Header Files\cocos2d</Filter>
    </ClInclude>
    <ClInclude Include="cappuccino-sdk\incl\cocos2dx\platform\CCCommon.h">
      <Filter>Header Files\cocos2d</Filter>
    </ClInclude>
    <ClInclude Include="cappuccino-sdk\incl\cocos2dx\platform\CCDevice.h">
      <Filter>Header Files\cocos2d</Filter>
    </ClInclude>
    <ClInclude Include="cappuccino-sdk\incl\cocos2dx\platform\CCEGLViewProtocol.h">
      <Filter>Header Files\cocos2d</Filter>
    </ClInclude>
    <ClInclude Include="cappuccino-sdk\incl\cocos2dx\platform\CCFileUtils.h">
      <Filter>Header Files\cocos2d</Filter>
    </ClInclude>
    <ClInclude Include="cappuccino-sdk\incl\cocos2dx\platform\CCImage.h">
      <Filter>Header Files\cocos2d</Filter>
    </ClInclude>
    <ClInclude Include="cappuccino-sdk\incl\cocos2dx\platform\CCImageCommon_cpp.h">
      <Filter>Header Files\cocos2d</Filter>
    </ClInclude>
    <ClInclude Include="cappuccino-sdk\incl\cocos2dx\platform\CCPlatformConfig.h">
      <Filter>Header Files\cocos2d</Filter>
    </ClInclude>
    <ClInclude Include="cappuccino-sdk\incl\cocos2dx\platform\CCPlatformMacros.h">
      <Filter>Header Files\cocos2d</Filter>
    </ClInclude>
    <ClInclude Include="cappuccino-sdk\incl\cocos2dx\platform\CCSAXParser.h">
      <Filter>Header Files\cocos2d</Filter>
    </ClInclude>
    <ClInclude Include="cappuccino-sdk\incl\cocos2dx\platform\CCThread.h">
      <Filter>Header Files\cocos2d</Filter>
    </ClInclude>
    <ClInclude Include="cappuccino-sdk\incl\cocos2dx\platform\platform.h">
      <Filter>Header Files\cocos2d</Filter>
    </ClInclude>
    <ClInclude Include="cappuccino-sdk\incl\cocos2dx\platform\third_party\win32\curl\curl.h">
      <Filter>Header Files\cocos2d</Filter>
    </ClInclude>
    <ClInclude Include="cappuccino-sdk\incl\cocos2dx\platform\third_party\win32\curl\curlbuild.h">
      <Filter>Header Files\cocos2d</Filter>
    </ClInclude>
    <ClInclude Include="cappuccino-sdk\incl\cocos2dx\platform\third_party\win32\curl\curlrules.h">
      <Filter>Header Files\cocos2d</Filter>
    </ClInclude>
    <ClInclude Include="cappuccino-sdk\incl\cocos2dx\platform\third_party\win32\curl\curlver.h">
      <Filter>Header Files\cocos2d</Filter>
    </ClInclude>
    <ClInclude Include="cappuccino-sdk\incl\cocos2dx\platform\third_party\win32\curl\easy.h">
      <Filter>Header Files\cocos2d</Filter>
    </ClInclude>
    <ClInclude Include="cappuccino-sdk\incl\cocos2dx\platform\third_party\win32\curl\mprintf.h">
      <Filter>Header Files\cocos2d</Filter>
    </ClInclude>
    <ClInclude Include="cappuccino-sdk\incl\cocos2dx\platform\third_party\win32\curl\multi.h">
      <Filter>Header Files\cocos2d</Filter>
    </ClInclude>
    <ClInclude Include="cappuccino-sdk\incl\cocos2dx\platform\third_party\win32\curl\stdcheaders.h">
      <Filter>Header Files\cocos2d</Filter>
    </ClInclude>
    <ClInclude Include="cappuccino-sdk\incl\cocos2dx\platform\third_party\win32\curl\typecheck-gcc.h">
      <Filter>Header Files\cocos2d</Filter>
    </ClInclude>
    <ClInclude Include="cappuccino-sdk\incl\cocos2dx\platform\third_party\win32\iconv\iconv.h">
      <Filter>Header Files\cocos2d</Filter>
    </ClInclude>
    <ClInclude Include="cappuccino-sdk\incl\cocos2dx\platform\third_party\win32\libjpeg\jconfig.h">
      <Filter>Header Files\cocos2d</Filter>
    </ClInclude>
    <ClInclude Include="cappuccino-sdk\incl\cocos2dx\platform\third_party\win32\libjpeg\jconfig_linux.h">
      <Filter>Header Files\cocos2d</Filter>
    </ClInclude>
    <ClInclude Include="cappuccino-sdk\incl\cocos2dx\platform\third_party\win32\libjpeg\jconfig_win.h">
      <Filter>Header Files\cocos2d</Filter>
    </ClInclude>
    <ClInclude Include="cappuccino-sdk\incl\cocos2dx\platform\third_party\win32\libjpeg\jerror.h">
      <Filter>Header Files\cocos2d</Filter>
    </ClInclude>
    <ClInclude Include="cappuccino-sdk\incl\cocos2dx\platform\third_party\win32\libjpeg\jmorecfg.h">
      <Filter>Header Files\cocos2d</Filter>
    </ClInclude>
    <ClInclude Include="cappuccino-sdk\incl\cocos2dx\platform\third_party\win32\libjpeg\jpeglib.h">
      <Filter>Header Files\cocos2d</Filter>
    </ClInclude>
    <ClInclude Include="cappuccino-sdk\incl\cocos2dx\platform\third_party\win32\libpng\png.h">
      <Filter>Header Files\cocos2d</Filter>
    </ClInclude>
    <ClInclude Include="cappuccino-sdk\incl\cocos2dx\platform\third_party\win32\libpng\pngconf.h">
      <Filter>Header Files\cocos2d</Filter>
    </ClInclude>
    <ClInclude Include="cappuccino-sdk\incl\cocos2dx\platform\third_party\win32\libtiff\tiff.h">
      <Filter>Header Files\cocos2d</Filter>
    </ClInclude>
    <ClInclude Include="cappuccino-sdk\incl\cocos2dx\platform\third_party\win32\libtiff\tiffconf.h">
      <Filter>Header Files\cocos2d</Filter>
    </ClInclude>
    <ClInclude Include="cappuccino-sdk\incl\cocos2dx\platform\third_party\win32\libtiff\tiffio.h">
      <Filter>Header Files\cocos2d</Filter>
    </ClInclude>
    <ClInclude Include="cappuccino-sdk\incl\cocos2dx\platform\third_party\win32\libtiff\tiffvers.h">
      <Filter>Header Files\cocos2d</Filter>
    </ClInclude>
    <ClInclude Include="cappuccino-sdk\incl\cocos2dx\platform\third_party\win32\libwebp\decode.h">
      <Filter>Header Files\cocos2d</Filter>
    </ClInclude>
    <ClInclude Include="cappuccino-sdk\incl\cocos2dx\platform\third_party\win32\libwebp\encode.h">
      <Filter>Header Files\cocos2d</Filter>
    </ClInclude>
    <ClInclude Include="cappuccino-sdk\incl\cocos2dx\platform\third_party\win32\libwebp\types.h">
      <Filter>Header Files\cocos2d</Filter>
    </ClInclude>
    <ClInclude Include="cappuccino-sdk\incl\cocos2dx\platform\third_party\win32\OGLES\GL\glew.h">
      <Filter>Header Files\cocos2d</Filter>
    </ClInclude>
    <ClInclude Include="cappuccino-sdk\incl\cocos2dx\platform\third_party\win32\OGLES\GL\glxew.h">
      <Filter>Header Files\cocos2d</Filter>
    </ClInclude>
    <ClInclude Include="cappuccino-sdk\incl\cocos2dx\platform\third_party\win32\OGLES\GL\wglew.h">
      <Filter>Header Files\cocos2d</Filter>
    </ClInclude>
    <ClInclude Include="cappuccino-sdk\incl\cocos2dx\platform\third_party\win32\pthread\pthread.h">
      <Filter>Header Files\cocos2d</Filter>
    </ClInclude>
    <ClInclude Include="cappuccino-sdk\incl\cocos2dx\platform\third_party\win32\pthread\sched.h">
      <Filter>Header Files\cocos2d</Filter>
    </ClInclude>
    <ClInclude Include="cappuccino-sdk\incl\cocos2dx\platform\third_party\win32\pthread\semaphore.h">
      <Filter>Header Files\cocos2d</Filter>
    </ClInclude>
    <ClInclude Include="cappuccino-sdk\incl\cocos2dx\platform\third_party\win32\zlib\zconf.h">
      <Filter>Header Files\cocos2d</Filter>
    </ClInclude>
    <ClInclude Include="cappuccino-sdk\incl\cocos2dx\platform\third_party\win32\zlib\zlib.h">
      <Filter>Header Files\cocos2d</Filter>
    </ClInclude>
    <ClInclude Include="cappuccino-sdk\incl\cocos2dx\platform\win32\CCAccelerometer.h">
      <Filter>Header Files\cocos2d</Filter>
    </ClInclude>
    <ClInclude Include="cappuccino-sdk\incl\cocos2dx\platform\win32\CCApplication.h">
      <Filter>Header Files\cocos2d</Filter>
    </ClInclude>
    <ClInclude Include="cappuccino-sdk\incl\cocos2dx\platform\win32\CCEGLView.h">
      <Filter>Header Files\cocos2d</Filter>
    </ClInclude>
    <ClInclude Include="cappuccino-sdk\incl\cocos2dx\platform\win32\CCFileUtilsWin32.h">
      <Filter>Header Files\cocos2d</Filter>
    </ClInclude>
    <ClInclude Include="cappuccino-sdk\incl\cocos2dx\platform\win32\CCGL.h">
      <Filter>Header Files\cocos2d</Filter>
    </ClInclude>
    <ClInclude Include="cappuccino-sdk\incl\cocos2dx\platform\win32\CCPlatformDefine.h">
      <Filter>Header Files\cocos2d</Filter>
    </ClInclude>
    <ClInclude Include="cappuccino-sdk\incl\cocos2dx\platform\win32\CCStdC.h">
      <Filter>Header Files\cocos2d</Filter>
    </ClInclude>
    <ClInclude Include="cappuccino-sdk\incl\cocos2dx\platform\win32\compat\stdint.h">
      <Filter>Header Files\cocos2d</Filter>
    </ClInclude>
    <ClInclude Include="cappuccino-sdk\incl\cocos2dx\script_support\CCScriptSupport.h">
      <Filter>Header Files\cocos2d</Filter>
    </ClInclude>
    <ClInclude Include="cappuccino-sdk\incl\cocos2dx\shaders\CCGLProgram.h">
      <Filter>Header Files\cocos2d</Filter>
    </ClInclude>
    <ClInclude Include="cappuccino-sdk\incl\cocos2dx\shaders\ccGLStateCache.h">
      <Filter>Header Files\cocos2d</Filter>
    </ClInclude>
    <ClInclude Include="cappuccino-sdk\incl\cocos2dx\shaders\CCShaderCache.h">
      <Filter>Header Files\cocos2d</Filter>
    </ClInclude>
    <ClInclude Include="cappuccino-sdk\incl\cocos2dx\shaders\ccShaderEx_SwitchMask_frag.h">
      <Filter>Header Files\cocos2d</Filter>
    </ClInclude>
    <ClInclude Include="cappuccino-sdk\incl\cocos2dx\shaders\ccShaders.h">
      <Filter>Header Files\cocos2d</Filter>
    </ClInclude>
    <ClInclude Include="cappuccino-sdk\incl\cocos2dx\shaders\ccShader_PositionColorLengthTexture_frag.h">
      <Filter>Header Files\cocos2d</Filter>
    </ClInclude>
    <ClInclude Include="cappuccino-sdk\incl\cocos2dx\shaders\ccShader_PositionColorLengthTexture_vert.h">
      <Filter>Header Files\cocos2d</Filter>
    </ClInclude>
    <ClInclude Include="cappuccino-sdk\incl\cocos2dx\shaders\ccShader_PositionColor_frag.h">
      <Filter>Header Files\cocos2d</Filter>
    </ClInclude>
    <ClInclude Include="cappuccino-sdk\incl\cocos2dx\shaders\ccShader_PositionColor_vert.h">
      <Filter>Header Files\cocos2d</Filter>
    </ClInclude>
    <ClInclude Include="cappuccino-sdk\incl\cocos2dx\shaders\ccShader_PositionTextureA8Color_frag.h">
      <Filter>Header Files\cocos2d</Filter>
    </ClInclude>
    <ClInclude Include="cappuccino-sdk\incl\cocos2dx\shaders\ccShader_PositionTextureA8Color_vert.h">
      <Filter>Header Files\cocos2d</Filter>
    </ClInclude>
    <ClInclude Include="cappuccino-sdk\incl\cocos2dx\shaders\ccShader_PositionTextureColorAlphaTest_frag.h">
      <Filter>Header Files\cocos2d</Filter>
    </ClInclude>
    <ClInclude Include="cappuccino-sdk\incl\cocos2dx\shaders\ccShader_PositionTextureColor_frag.h">
      <Filter>Header Files\cocos2d</Filter>
    </ClInclude>
    <ClInclude Include="cappuccino-sdk\incl\cocos2dx\shaders\ccShader_PositionTextureColor_vert.h">
      <Filter>Header Files\cocos2d</Filter>
    </ClInclude>
    <ClInclude Include="cappuccino-sdk\incl\cocos2dx\shaders\ccShader_PositionTexture_frag.h">
      <Filter>Header Files\cocos2d</Filter>
    </ClInclude>
    <ClInclude Include="cappuccino-sdk\incl\cocos2dx\shaders\ccShader_PositionTexture_uColor_frag.h">
      <Filter>Header Files\cocos2d</Filter>
    </ClInclude>
    <ClInclude Include="cappuccino-sdk\incl\cocos2dx\shaders\ccShader_PositionTexture_uColor_vert.h">
      <Filter>Header Files\cocos2d</Filter>
    </ClInclude>
    <ClInclude Include="cappuccino-sdk\incl\cocos2dx\shaders\ccShader_PositionTexture_vert.h">
      <Filter>Header Files\cocos2d</Filter>
    </ClInclude>
    <ClInclude Include="cappuccino-sdk\incl\cocos2dx\shaders\ccShader_Position_uColor_frag.h">
      <Filter>Header Files\cocos2d</Filter>
    </ClInclude>
    <ClInclude Include="cappuccino-sdk\incl\cocos2dx\shaders\ccShader_Position_uColor_vert.h">
      <Filter>Header Files\cocos2d</Filter>
    </ClInclude>
    <ClInclude Include="cappuccino-sdk\incl\cocos2dx\sprite_nodes\CCAnimation.h">
      <Filter>Header Files\cocos2d</Filter>
    </ClInclude>
    <ClInclude Include="cappuccino-sdk\incl\cocos2dx\sprite_nodes\CCAnimationCache.h">
      <Filter>Header Files\cocos2d</Filter>
    </ClInclude>
    <ClInclude Include="cappuccino-sdk\incl\cocos2dx\sprite_nodes\CCSprite.h">
      <Filter>Header Files\cocos2d</Filter>
    </ClInclude>
    <ClInclude Include="cappuccino-sdk\incl\cocos2dx\sprite_nodes\CCSpriteBatchNode.h">
      <Filter>Header Files\cocos2d</Filter>
    </ClInclude>
    <ClInclude Include="cappuccino-sdk\incl\cocos2dx\sprite_nodes\CCSpriteFrame.h">
      <Filter>Header Files\cocos2d</Filter>
    </ClInclude>
    <ClInclude Include="cappuccino-sdk\incl\cocos2dx\sprite_nodes\CCSpriteFrameCache.h">
      <Filter>Header Files\cocos2d</Filter>
    </ClInclude>
    <ClInclude Include="cappuccino-sdk\incl\cocos2dx\support\base64.h">
      <Filter>Header Files\cocos2d</Filter>
    </ClInclude>
    <ClInclude Include="cappuccino-sdk\incl\cocos2dx\support\CCNotificationCenter.h">
      <Filter>Header Files\cocos2d</Filter>
    </ClInclude>
    <ClInclude Include="cappuccino-sdk\incl\cocos2dx\support\CCPointExtension.h">
      <Filter>Header Files\cocos2d</Filter>
    </ClInclude>
    <ClInclude Include="cappuccino-sdk\incl\cocos2dx\support\CCProfiling.h">
      <Filter>Header Files\cocos2d</Filter>
    </ClInclude>
    <ClInclude Include="cappuccino-sdk\incl\cocos2dx\support\ccUTF8.h">
      <Filter>Header Files\cocos2d</Filter>
    </ClInclude>
    <ClInclude Include="cappuccino-sdk\incl\cocos2dx\support\ccUtils.h">
      <Filter>Header Files\cocos2d</Filter>
    </ClInclude>
    <ClInclude Include="cappuccino-sdk\incl\cocos2dx\support\CCVertex.h">
      <Filter>Header Files\cocos2d</Filter>
    </ClInclude>
    <ClInclude Include="cappuccino-sdk\incl\cocos2dx\support\component\CCComponent.h">
      <Filter>Header Files\cocos2d</Filter>
    </ClInclude>
    <ClInclude Include="cappuccino-sdk\incl\cocos2dx\support\component\CCComponentContainer.h">
      <Filter>Header Files\cocos2d</Filter>
    </ClInclude>
    <ClInclude Include="cappuccino-sdk\incl\cocos2dx\support\data_support\ccCArray.h">
      <Filter>Header Files\cocos2d</Filter>
    </ClInclude>
    <ClInclude Include="cappuccino-sdk\incl\cocos2dx\support\data_support\uthash.h">
      <Filter>Header Files\cocos2d</Filter>
    </ClInclude>
    <ClInclude Include="cappuccino-sdk\incl\cocos2dx\support\data_support\utlist.h">
      <Filter>Header Files\cocos2d</Filter>
    </ClInclude>
    <ClInclude Include="cappuccino-sdk\incl\cocos2dx\support\image_support\TGAlib.h">
      <Filter>Header Files\cocos2d</Filter>
    </ClInclude>
    <ClInclude Include="cappuccino-sdk\incl\cocos2dx\support\tinyxml2\tinyxml2.h">
      <Filter>Header Files\cocos2d</Filter>
    </ClInclude>
    <ClInclude Include="cappuccino-sdk\incl\cocos2dx\support\TransformUtils.h">
      <Filter>Header Files\cocos2d</Filter>
    </ClInclude>
    <ClInclude Include="cappuccino-sdk\incl\cocos2dx\support\user_default\CCUserDefault.h">
      <Filter>Header Files\cocos2d</Filter>
    </ClInclude>
    <ClInclude Include="cappuccino-sdk\incl\cocos2dx\support\zip_support\ioapi.h">
      <Filter>Header Files\cocos2d</Filter>
    </ClInclude>
    <ClInclude Include="cappuccino-sdk\incl\cocos2dx\support\zip_support\unzip.h">
      <Filter>Header Files\cocos2d</Filter>
    </ClInclude>
    <ClInclude Include="cappuccino-sdk\incl\cocos2dx\support\zip_support\ZipUtils.h">
      <Filter>Header Files\cocos2d</Filter>
    </ClInclude>
    <ClInclude Include="cappuccino-sdk\incl\cocos2dx\textures\CCTexture2D.h">
      <Filter>Header Files\cocos2d</Filter>
    </ClInclude>
    <ClInclude Include="cappuccino-sdk\incl\cocos2dx\textures\CCTextureAtlas.h">
      <Filter>Header Files\cocos2d</Filter>
    </ClInclude>
    <ClInclude Include="cappuccino-sdk\incl\cocos2dx\textures\CCTextureCache.h">
      <Filter>Header Files\cocos2d</Filter>
    </ClInclude>
    <ClInclude Include="cappuccino-sdk\incl\cocos2dx\textures\CCTextureETC.h">
      <Filter>Header Files\cocos2d</Filter>
    </ClInclude>
    <ClInclude Include="cappuccino-sdk\incl\cocos2dx\textures\CCTexturePVR.h">
      <Filter>Header Files\cocos2d</Filter>
    </ClInclude>
    <ClInclude Include="cappuccino-sdk\incl\cocos2dx\text_input_node\CCIMEDelegate.h">
      <Filter>Header Files\cocos2d</Filter>
    </ClInclude>
    <ClInclude Include="cappuccino-sdk\incl\cocos2dx\text_input_node\CCIMEDispatcher.h">
      <Filter>Header Files\cocos2d</Filter>
    </ClInclude>
    <ClInclude Include="cappuccino-sdk\incl\cocos2dx\text_input_node\CCTextFieldTTF.h">
      <Filter>Header Files\cocos2d</Filter>
    </ClInclude>
    <ClInclude Include="cappuccino-sdk\incl\cocos2dx\tilemap_parallax_nodes\CCParallaxNode.h">
      <Filter>Header Files\cocos2d</Filter>
    </ClInclude>
    <ClInclude Include="cappuccino-sdk\incl\cocos2dx\tilemap_parallax_nodes\CCTileMapAtlas.h">
      <Filter>Header Files\cocos2d</Filter>
    </ClInclude>
    <ClInclude Include="cappuccino-sdk\incl\cocos2dx\tilemap_parallax_nodes\CCTMXLayer.h">
      <Filter>Header Files\cocos2d</Filter>
    </ClInclude>
    <ClInclude Include="cappuccino-sdk\incl\cocos2dx\tilemap_parallax_nodes\CCTMXObjectGroup.h">
      <Filter>Header Files\cocos2d</Filter>
    </ClInclude>
    <ClInclude Include="cappuccino-sdk\incl\cocos2dx\tilemap_parallax_nodes\CCTMXTiledMap.h">
      <Filter>Header Files\cocos2d</Filter>
    </ClInclude>
    <ClInclude Include="cappuccino-sdk\incl\cocos2dx\tilemap_parallax_nodes\CCTMXXMLParser.h">
      <Filter>Header Files\cocos2d</Filter>
    </ClInclude>
    <ClInclude Include="cappuccino-sdk\incl\cocos2dx\touch_dispatcher\CCTouch.h">
      <Filter>Header Files\cocos2d</Filter>
    </ClInclude>
    <ClInclude Include="cappuccino-sdk\incl\cocos2dx\touch_dispatcher\CCTouchDelegateProtocol.h">
      <Filter>Header Files\cocos2d</Filter>
    </ClInclude>
    <ClInclude Include="cappuccino-sdk\incl\cocos2dx\touch_dispatcher\CCTouchDispatcher.h">
      <Filter>Header Files\cocos2d</Filter>
    </ClInclude>
    <ClInclude Include="cappuccino-sdk\incl\cocos2dx\touch_dispatcher\CCTouchHandler.h">
      <Filter>Header Files\cocos2d</Filter>
    </ClInclude>
    <ClInclude Include="cappuccino-sdk\incl\extensions\AssetsManager\AssetsManager.h">
      <Filter>Header Files\cocos2d</Filter>
    </ClInclude>
    <ClInclude Include="cappuccino-sdk\incl\extensions\CCBReader\CCBAnimationManager.h">
      <Filter>Header Files\cocos2d</Filter>
    </ClInclude>
    <ClInclude Include="cappuccino-sdk\incl\extensions\CCBReader\CCBFileLoader.h">
      <Filter>Header Files\cocos2d</Filter>
    </ClInclude>
    <ClInclude Include="cappuccino-sdk\incl\extensions\CCBReader\CCBKeyframe.h">
      <Filter>Header Files\cocos2d</Filter>
    </ClInclude>
    <ClInclude Include="cappuccino-sdk\incl\extensions\CCBReader\CCBMemberVariableAssigner.h">
      <Filter>Header Files\cocos2d</Filter>
    </ClInclude>
    <ClInclude Include="cappuccino-sdk\incl\extensions\CCBReader\CCBReader.h">
      <Filter>Header Files\cocos2d</Filter>
    </ClInclude>
    <ClInclude Include="cappuccino-sdk\incl\extensions\CCBReader\CCBSelectorResolver.h">
      <Filter>Header Files\cocos2d</Filter>
    </ClInclude>
    <ClInclude Include="cappuccino-sdk\incl\extensions\CCBReader\CCBSequence.h">
      <Filter>Header Files\cocos2d</Filter>
    </ClInclude>
    <ClInclude Include="cappuccino-sdk\incl\extensions\CCBReader\CCBSequenceProperty.h">
      <Filter>Header Files\cocos2d</Filter>
    </ClInclude>
    <ClInclude Include="cappuccino-sdk\incl\extensions\CCBReader\CCBValue.h">
      <Filter>Header Files\cocos2d</Filter>
    </ClInclude>
    <ClInclude Include="cappuccino-sdk\incl\extensions\CCBReader\CCControlButtonLoader.h">
      <Filter>Header Files\cocos2d</Filter>
    </ClInclude>
    <ClInclude Include="cappuccino-sdk\incl\extensions\CCBReader\CCControlLoader.h">
      <Filter>Header Files\cocos2d</Filter>
    </ClInclude>
    <ClInclude Include="cappuccino-sdk\incl\extensions\CCBReader\CCData.h">
      <Filter>Header Files\cocos2d</Filter>
    </ClInclude>
    <ClInclude Include="cappuccino-sdk\incl\extensions\CCBReader\CCLabelBMFontLoader.h">
      <Filter>Header Files\cocos2d</Filter>
    </ClInclude>
    <ClInclude Include="cappuccino-sdk\incl\extensions\CCBReader\CCLabelTTFLoader.h">
      <Filter>Header Files\cocos2d</Filter>
    </ClInclude>
    <ClInclude Include="cappuccino-sdk\incl\extensions\CCBReader\CCLayerColorLoader.h">
      <Filter>Header Files\cocos2d</Filter>
    </ClInclude>
    <ClInclude Include="cappuccino-sdk\incl\extensions\CCBReader\CCLayerGradientLoader.h">
      <Filter>Header Files\cocos2d</Filter>
    </ClInclude>
    <ClInclude Include="cappuccino-sdk\incl\extensions\CCBReader\CCLayerLoader.h">
      <Filter>Header Files\cocos2d</Filter>
    </ClInclude>
    <ClInclude Include="cappuccino-sdk\incl\extensions\CCBReader\CCMenuItemImageLoader.h">
      <Filter>Header Files\cocos2d</Filter>
    </ClInclude>
    <ClInclude Include="cappuccino-sdk\incl\extensions\CCBReader\CCMenuItemLoader.h">
      <Filter>Header Files\cocos2d</Filter>
    </ClInclude>
    <ClInclude Include="cappuccino-sdk\incl\extensions\CCBReader\CCMenuLoader.h">
      <Filter>Header Files\cocos2d</Filter>
    </ClInclude>
    <ClInclude Include="cappuccino-sdk\incl\extensions\CCBReader\CCNode+CCBRelativePositioning.h">
      <Filter>Header Files\cocos2d</Filter>
    </ClInclude>
    <ClInclude Include="cappuccino-sdk\incl\extensions\CCBReader\CCNodeLoader.h">
      <Filter>Header Files\cocos2d</Filter>
    </ClInclude>
    <ClInclude Include="cappuccino-sdk\incl\extensions\CCBReader\CCNodeLoaderLibrary.h">
      <Filter>Header Files\cocos2d</Filter>
    </ClInclude>
    <ClInclude Include="cappuccino-sdk\incl\extensions\CCBReader\CCNodeLoaderListener.h">
      <Filter>Header Files\cocos2d</Filter>
    </ClInclude>
    <ClInclude Include="cappuccino-sdk\incl\extensions\CCBReader\CCParticleSystemQuadLoader.h">
      <Filter>Header Files\cocos2d</Filter>
    </ClInclude>
    <ClInclude Include="cappuccino-sdk\incl\extensions\CCBReader\CCScale9SpriteLoader.h">
      <Filter>Header Files\cocos2d</Filter>
    </ClInclude>
    <ClInclude Include="cappuccino-sdk\incl\extensions\CCBReader\CCScrollViewLoader.h">
      <Filter>Header Files\cocos2d</Filter>
    </ClInclude>
    <ClInclude Include="cappuccino-sdk\incl\extensions\CCBReader\CCSpriteLoader.h">
      <Filter>Header Files\cocos2d</Filter>
    </ClInclude>
    <ClInclude Include="cappuccino-sdk\incl\extensions\cocos-ext.h">
      <Filter>Header Files\cocos2d</Filter>
    </ClInclude>
    <ClInclude Include="cappuccino-sdk\incl\extensions\CocoStudio\Action\CCActionEaseEx.h">
      <Filter>Header Files\cocos2d</Filter>
    </ClInclude>
    <ClInclude Include="cappuccino-sdk\incl\extensions\CocoStudio\Action\CCActionFrame.h">
      <Filter>Header Files\cocos2d</Filter>
    </ClInclude>
    <ClInclude Include="cappuccino-sdk\incl\extensions\CocoStudio\Action\CCActionFrameEasing.h">
      <Filter>Header Files\cocos2d</Filter>
    </ClInclude>
    <ClInclude Include="cappuccino-sdk\incl\extensions\CocoStudio\Action\CCActionManager.h">
      <Filter>Header Files\cocos2d</Filter>
    </ClInclude>
    <ClInclude Include="cappuccino-sdk\incl\extensions\CocoStudio\Action\CCActionNode.h">
      <Filter>Header Files\cocos2d</Filter>
    </ClInclude>
    <ClInclude Include="cappuccino-sdk\incl\extensions\CocoStudio\Action\CCActionObject.h">
      <Filter>Header Files\cocos2d</Filter>
    </ClInclude>
    <ClInclude Include="cappuccino-sdk\incl\extensions\CocoStudio\Armature\animation\CCArmatureAnimation.h">
      <Filter>Header Files\cocos2d</Filter>
    </ClInclude>
    <ClInclude Include="cappuccino-sdk\incl\extensions\CocoStudio\Armature\animation\CCProcessBase.h">
      <Filter>Header Files\cocos2d</Filter>
    </ClInclude>
    <ClInclude Include="cappuccino-sdk\incl\extensions\CocoStudio\Armature\animation\CCTween.h">
      <Filter>Header Files\cocos2d</Filter>
    </ClInclude>
    <ClInclude Include="cappuccino-sdk\incl\extensions\CocoStudio\Armature\CCArmature.h">
      <Filter>Header Files\cocos2d</Filter>
    </ClInclude>
    <ClInclude Include="cappuccino-sdk\incl\extensions\CocoStudio\Armature\CCBone.h">
      <Filter>Header Files\cocos2d</Filter>
    </ClInclude>
    <ClInclude Include="cappuccino-sdk\incl\extensions\CocoStudio\Armature\datas\CCDatas.h">
      <Filter>Header Files\cocos2d</Filter>
    </ClInclude>
    <ClInclude Include="cappuccino-sdk\incl\extensions\CocoStudio\Armature\display\CCBatchNode.h">
      <Filter>Header Files\cocos2d</Filter>
    </ClInclude>
    <ClInclude Include="cappuccino-sdk\incl\extensions\CocoStudio\Armature\display\CCDecorativeDisplay.h">
      <Filter>Header Files\cocos2d</Filter>
    </ClInclude>
    <ClInclude Include="cappuccino-sdk\incl\extensions\CocoStudio\Armature\display\CCDisplayFactory.h">
      <Filter>Header Files\cocos2d</Filter>
    </ClInclude>
    <ClInclude Include="cappuccino-sdk\incl\extensions\CocoStudio\Armature\display\CCDisplayManager.h">
      <Filter>Header Files\cocos2d</Filter>
    </ClInclude>
    <ClInclude Include="cappuccino-sdk\incl\extensions\CocoStudio\Armature\display\CCSkin.h">
      <Filter>Header Files\cocos2d</Filter>
    </ClInclude>
    <ClInclude Include="cappuccino-sdk\incl\extensions\CocoStudio\Armature\external_tool\sigslot.h">
      <Filter>Header Files\cocos2d</Filter>
    </ClInclude>
    <ClInclude Include="cappuccino-sdk\incl\extensions\CocoStudio\Armature\physics\CCColliderDetector.h">
      <Filter>Header Files\cocos2d</Filter>
    </ClInclude>
    <ClInclude Include="cappuccino-sdk\incl\extensions\CocoStudio\Armature\utils\CCArmatureDataManager.h">
      <Filter>Header Files\cocos2d</Filter>
    </ClInclude>
    <ClInclude Include="cappuccino-sdk\incl\extensions\CocoStudio\Armature\utils\CCArmatureDefine.h">
      <Filter>Header Files\cocos2d</Filter>
    </ClInclude>
    <ClInclude Include="cappuccino-sdk\incl\extensions\CocoStudio\Armature\utils\CCDataReaderHelper.h">
      <Filter>Header Files\cocos2d</Filter>
    </ClInclude>
    <ClInclude Include="cappuccino-sdk\incl\extensions\CocoStudio\Armature\utils\CCSpriteFrameCacheHelper.h">
      <Filter>Header Files\cocos2d</Filter>
    </ClInclude>
    <ClInclude Include="cappuccino-sdk\incl\extensions\CocoStudio\Armature\utils\CCTransformHelp.h">
      <Filter>Header Files\cocos2d</Filter>
    </ClInclude>
    <ClInclude Include="cappuccino-sdk\incl\extensions\CocoStudio\Armature\utils\CCTweenFunction.h">
      <Filter>Header Files\cocos2d</Filter>
    </ClInclude>
    <ClInclude Include="cappuccino-sdk\incl\extensions\CocoStudio\Armature\utils\CCUtilMath.h">
      <Filter>Header Files\cocos2d</Filter>
    </ClInclude>
    <ClInclude Include="cappuccino-sdk\incl\extensions\CocoStudio\Components\CCComAttribute.h">
      <Filter>Header Files\cocos2d</Filter>
    </ClInclude>
    <ClInclude Include="cappuccino-sdk\incl\extensions\CocoStudio\Components\CCComAudio.h">
      <Filter>Header Files\cocos2d</Filter>
    </ClInclude>
    <ClInclude Include="cappuccino-sdk\incl\extensions\CocoStudio\Components\CCComBase.h">
      <Filter>Header Files\cocos2d</Filter>
    </ClInclude>
    <ClInclude Include="cappuccino-sdk\incl\extensions\CocoStudio\Components\CCComController.h">
      <Filter>Header Files\cocos2d</Filter>
    </ClInclude>
    <ClInclude Include="cappuccino-sdk\incl\extensions\CocoStudio\Components\CCComRender.h">
      <Filter>Header Files\cocos2d</Filter>
    </ClInclude>
    <ClInclude Include="cappuccino-sdk\incl\extensions\CocoStudio\Components\CCInputDelegate.h">
      <Filter>Header Files\cocos2d</Filter>
    </ClInclude>
    <ClInclude Include="cappuccino-sdk\incl\extensions\CocoStudio\GUI\BaseClasses\UIWidget.h">
      <Filter>Header Files\cocos2d</Filter>
    </ClInclude>
    <ClInclude Include="cappuccino-sdk\incl\extensions\CocoStudio\GUI\Layouts\UILayout.h">
      <Filter>Header Files\cocos2d</Filter>
    </ClInclude>
    <ClInclude Include="cappuccino-sdk\incl\extensions\CocoStudio\GUI\Layouts\UILayoutDefine.h">
      <Filter>Header Files\cocos2d</Filter>
    </ClInclude>
    <ClInclude Include="cappuccino-sdk\incl\extensions\CocoStudio\GUI\Layouts\UILayoutParameter.h">
      <Filter>Header Files\cocos2d</Filter>
    </ClInclude>
    <ClInclude Include="cappuccino-sdk\incl\extensions\CocoStudio\GUI\System\CocosGUI.h">
      <Filter>Header Files\cocos2d</Filter>
    </ClInclude>
    <ClInclude Include="cappuccino-sdk\incl\extensions\CocoStudio\GUI\System\GUIDefine.h">
      <Filter>Header Files\cocos2d</Filter>
    </ClInclude>
    <ClInclude Include="cappuccino-sdk\incl\extensions\CocoStudio\GUI\System\UIHelper.h">
      <Filter>Header Files\cocos2d</Filter>
    </ClInclude>
    <ClInclude Include="cappuccino-sdk\incl\extensions\CocoStudio\GUI\System\UITouchGroup.h">
      <Filter>Header Files\cocos2d</Filter>
    </ClInclude>
    <ClInclude Include="cappuccino-sdk\incl\extensions\CocoStudio\GUI\UIWidgets\Compatible\CompatibleClasses.h">
      <Filter>Header Files\cocos2d</Filter>
    </ClInclude>
    <ClInclude Include="cappuccino-sdk\incl\extensions\CocoStudio\GUI\UIWidgets\ScrollWidget\UIListView.h">
      <Filter>Header Files\cocos2d</Filter>
    </ClInclude>
    <ClInclude Include="cappuccino-sdk\incl\extensions\CocoStudio\GUI\UIWidgets\ScrollWidget\UIPageView.h">
      <Filter>Header Files\cocos2d</Filter>
    </ClInclude>
    <ClInclude Include="cappuccino-sdk\incl\extensions\CocoStudio\GUI\UIWidgets\ScrollWidget\UIScrollInterface.h">
      <Filter>Header Files\cocos2d</Filter>
    </ClInclude>
    <ClInclude Include="cappuccino-sdk\incl\extensions\CocoStudio\GUI\UIWidgets\ScrollWidget\UIScrollView.h">
      <Filter>Header Files\cocos2d</Filter>
    </ClInclude>
    <ClInclude Include="cappuccino-sdk\incl\extensions\CocoStudio\GUI\UIWidgets\UIButton.h">
      <Filter>Header Files\cocos2d</Filter>
    </ClInclude>
    <ClInclude Include="cappuccino-sdk\incl\extensions\CocoStudio\GUI\UIWidgets\UICheckBox.h">
      <Filter>Header Files\cocos2d</Filter>
    </ClInclude>
    <ClInclude Include="cappuccino-sdk\incl\extensions\CocoStudio\GUI\UIWidgets\UIImageView.h">
      <Filter>Header Files\cocos2d</Filter>
    </ClInclude>
    <ClInclude Include="cappuccino-sdk\incl\extensions\CocoStudio\GUI\UIWidgets\UILabel.h">
      <Filter>Header Files\cocos2d</Filter>
    </ClInclude>
    <ClInclude Include="cappuccino-sdk\incl\extensions\CocoStudio\GUI\UIWidgets\UILabelAtlas.h">
      <Filter>Header Files\cocos2d</Filter>
    </ClInclude>
    <ClInclude Include="cappuccino-sdk\incl\extensions\CocoStudio\GUI\UIWidgets\UILabelBMFont.h">
      <Filter>Header Files\cocos2d</Filter>
    </ClInclude>
    <ClInclude Include="cappuccino-sdk\incl\extensions\CocoStudio\GUI\UIWidgets\UILoadingBar.h">
      <Filter>Header Files\cocos2d</Filter>
    </ClInclude>
    <ClInclude Include="cappuccino-sdk\incl\extensions\CocoStudio\GUI\UIWidgets\UIRichText.h">
      <Filter>Header Files\cocos2d</Filter>
    </ClInclude>
    <ClInclude Include="cappuccino-sdk\incl\extensions\CocoStudio\GUI\UIWidgets\UISlider.h">
      <Filter>Header Files\cocos2d</Filter>
    </ClInclude>
    <ClInclude Include="cappuccino-sdk\incl\extensions\CocoStudio\GUI\UIWidgets\UITextField.h">
      <Filter>Header Files\cocos2d</Filter>
    </ClInclude>
    <ClInclude Include="cappuccino-sdk\incl\extensions\CocoStudio\Json\DictionaryHelper.h">
      <Filter>Header Files\cocos2d</Filter>
    </ClInclude>
    <ClInclude Include="cappuccino-sdk\incl\extensions\CocoStudio\Json\rapidjson\document.h">
      <Filter>Header Files\cocos2d</Filter>
    </ClInclude>
    <ClInclude Include="cappuccino-sdk\incl\extensions\CocoStudio\Json\rapidjson\filestream.h">
      <Filter>Header Files\cocos2d</Filter>
    </ClInclude>
    <ClInclude Include="cappuccino-sdk\incl\extensions\CocoStudio\Json\rapidjson\internal\pow10.h">
      <Filter>Header Files\cocos2d</Filter>
    </ClInclude>
    <ClInclude Include="cappuccino-sdk\incl\extensions\CocoStudio\Json\rapidjson\internal\stack.h">
      <Filter>Header Files\cocos2d</Filter>
    </ClInclude>
    <ClInclude Include="cappuccino-sdk\incl\extensions\CocoStudio\Json\rapidjson\internal\strfunc.h">
      <Filter>Header Files\cocos2d</Filter>
    </ClInclude>
    <ClInclude Include="cappuccino-sdk\incl\extensions\CocoStudio\Json\rapidjson\prettywriter.h">
      <Filter>Header Files\cocos2d</Filter>
    </ClInclude>
    <ClInclude Include="cappuccino-sdk\incl\extensions\CocoStudio\Json\rapidjson\rapidjson.h">
      <Filter>Header Files\cocos2d</Filter>
    </ClInclude>
    <ClInclude Include="cappuccino-sdk\incl\extensions\CocoStudio\Json\rapidjson\reader.h">
      <Filter>Header Files\cocos2d</Filter>
    </ClInclude>
    <ClInclude Include="cappuccino-sdk\incl\extensions\CocoStudio\Json\rapidjson\stringbuffer.h">
      <Filter>Header Files\cocos2d</Filter>
    </ClInclude>
    <ClInclude Include="cappuccino-sdk\incl\extensions\CocoStudio\Json\rapidjson\writer.h">
      <Filter>Header Files\cocos2d</Filter>
    </ClInclude>
    <ClInclude Include="cappuccino-sdk\incl\extensions\CocoStudio\Reader\GUIReader.h">
      <Filter>Header Files\cocos2d</Filter>
    </ClInclude>
    <ClInclude Include="cappuccino-sdk\incl\extensions\CocoStudio\Reader\SceneReader.h">
      <Filter>Header Files\cocos2d</Filter>
    </ClInclude>
    <ClInclude Include="cappuccino-sdk\incl\extensions\CocoStudio\Reader\WidgetReader\ButtonReader\ButtonReader.h">
      <Filter>Header Files\cocos2d</Filter>
    </ClInclude>
    <ClInclude Include="cappuccino-sdk\incl\extensions\CocoStudio\Reader\WidgetReader\CheckBoxReader\CheckBoxReader.h">
      <Filter>Header Files\cocos2d</Filter>
    </ClInclude>
    <ClInclude Include="cappuccino-sdk\incl\extensions\CocoStudio\Reader\WidgetReader\ImageViewReader\ImageViewReader.h">
      <Filter>Header Files\cocos2d</Filter>
    </ClInclude>
    <ClInclude Include="cappuccino-sdk\incl\extensions\CocoStudio\Reader\WidgetReader\LabelAtlasReader\LabelAtlasReader.h">
      <Filter>Header Files\cocos2d</Filter>
    </ClInclude>
    <ClInclude Include="cappuccino-sdk\incl\extensions\CocoStudio\Reader\WidgetReader\LabelBMFontReader\LabelBMFontReader.h">
      <Filter>Header Files\cocos2d</Filter>
    </ClInclude>
    <ClInclude Include="cappuccino-sdk\incl\extensions\CocoStudio\Reader\WidgetReader\LabelReader\LabelReader.h">
      <Filter>Header Files\cocos2d</Filter>
    </ClInclude>
    <ClInclude Include="cappuccino-sdk\incl\extensions\CocoStudio\Reader\WidgetReader\LayoutReader\LayoutReader.h">
      <Filter>Header Files\cocos2d</Filter>
    </ClInclude>
    <ClInclude Include="cappuccino-sdk\incl\extensions\CocoStudio\Reader\WidgetReader\ListViewReader\ListViewReader.h">
      <Filter>Header Files\cocos2d</Filter>
    </ClInclude>
    <ClInclude Include="cappuccino-sdk\incl\extensions\CocoStudio\Reader\WidgetReader\LoadingBarReader\LoadingBarReader.h">
      <Filter>Header Files\cocos2d</Filter>
    </ClInclude>
    <ClInclude Include="cappuccino-sdk\incl\extensions\CocoStudio\Reader\WidgetReader\PageViewReader\PageViewReader.h">
      <Filter>Header Files\cocos2d</Filter>
    </ClInclude>
    <ClInclude Include="cappuccino-sdk\incl\extensions\CocoStudio\Reader\WidgetReader\ScrollViewReader\ScrollViewReader.h">
      <Filter>Header Files\cocos2d</Filter>
    </ClInclude>
    <ClInclude Include="cappuccino-sdk\incl\extensions\CocoStudio\Reader\WidgetReader\SliderReader\SliderReader.h">
      <Filter>Header Files\cocos2d</Filter>
    </ClInclude>
    <ClInclude Include="cappuccino-sdk\incl\extensions\CocoStudio\Reader\WidgetReader\TextFieldReader\TextFieldReader.h">
      <Filter>Header Files\cocos2d</Filter>
    </ClInclude>
    <ClInclude Include="cappuccino-sdk\incl\extensions\CocoStudio\Reader\WidgetReader\WidgetReader.h">
      <Filter>Header Files\cocos2d</Filter>
    </ClInclude>
    <ClInclude Include="cappuccino-sdk\incl\extensions\CocoStudio\Reader\WidgetReader\WidgetReaderProtocol.h">
      <Filter>Header Files\cocos2d</Filter>
    </ClInclude>
    <ClInclude Include="cappuccino-sdk\incl\extensions\CocoStudio\Trigger\ObjectFactory.h">
      <Filter>Header Files\cocos2d</Filter>
    </ClInclude>
    <ClInclude Include="cappuccino-sdk\incl\extensions\CocoStudio\Trigger\TriggerBase.h">
      <Filter>Header Files\cocos2d</Filter>
    </ClInclude>
    <ClInclude Include="cappuccino-sdk\incl\extensions\CocoStudio\Trigger\TriggerMng.h">
      <Filter>Header Files\cocos2d</Filter>
    </ClInclude>
    <ClInclude Include="cappuccino-sdk\incl\extensions\CocoStudio\Trigger\TriggerObj.h">
      <Filter>Header Files\cocos2d</Filter>
    </ClInclude>
    <ClInclude Include="cappuccino-sdk\incl\extensions\ExtensionMacros.h">
      <Filter>Header Files\cocos2d</Filter>
    </ClInclude>
    <ClInclude Include="cappuccino-sdk\incl\extensions\GUI\CCControlExtension\CCControl.h">
      <Filter>Header Files\cocos2d</Filter>
    </ClInclude>
    <ClInclude Include="cappuccino-sdk\incl\extensions\GUI\CCControlExtension\CCControlButton.h">
      <Filter>Header Files\cocos2d</Filter>
    </ClInclude>
    <ClInclude Include="cappuccino-sdk\incl\extensions\GUI\CCControlExtension\CCControlColourPicker.h">
      <Filter>Header Files\cocos2d</Filter>
    </ClInclude>
    <ClInclude Include="cappuccino-sdk\incl\extensions\GUI\CCControlExtension\CCControlExtensions.h">
      <Filter>Header Files\cocos2d</Filter>
    </ClInclude>
    <ClInclude Include="cappuccino-sdk\incl\extensions\GUI\CCControlExtension\CCControlHuePicker.h">
      <Filter>Header Files\cocos2d</Filter>
    </ClInclude>
    <ClInclude Include="cappuccino-sdk\incl\extensions\GUI\CCControlExtension\CCControlPotentiometer.h">
      <Filter>Header Files\cocos2d</Filter>
    </ClInclude>
    <ClInclude Include="cappuccino-sdk\incl\extensions\GUI\CCControlExtension\CCControlSaturationBrightnessPicker.h">
      <Filter>Header Files\cocos2d</Filter>
    </ClInclude>
    <ClInclude Include="cappuccino-sdk\incl\extensions\GUI\CCControlExtension\CCControlSlider.h">
      <Filter>Header Files\cocos2d</Filter>
    </ClInclude>
    <ClInclude Include="cappuccino-sdk\incl\extensions\GUI\CCControlExtension\CCControlStepper.h">
      <Filter>Header Files\cocos2d</Filter>
    </ClInclude>
    <ClInclude Include="cappuccino-sdk\incl\extensions\GUI\CCControlExtension\CCControlSwitch.h">
      <Filter>Header Files\cocos2d</Filter>
    </ClInclude>
    <ClInclude Include="cappuccino-sdk\incl\extensions\GUI\CCControlExtension\CCControlUtils.h">
      <Filter>Header Files\cocos2d</Filter>
    </ClInclude>
    <ClInclude Include="cappuccino-sdk\incl\extensions\GUI\CCControlExtension\CCInvocation.h">
      <Filter>Header Files\cocos2d</Filter>
    </ClInclude>
    <ClInclude Include="cappuccino-sdk\incl\extensions\GUI\CCControlExtension\CCScale9Sprite.h">
      <Filter>Header Files\cocos2d</Filter>
    </ClInclude>
    <ClInclude Include="cappuccino-sdk\incl\extensions\GUI\CCEditBox\CCEditBox.h">
      <Filter>Header Files\cocos2d</Filter>
    </ClInclude>
    <ClInclude Include="cappuccino-sdk\incl\extensions\GUI\CCEditBox\CCEditBoxImpl.h">
      <Filter>Header Files\cocos2d</Filter>
    </ClInclude>
    <ClInclude Include="cappuccino-sdk\incl\extensions\GUI\CCEditBox\CCEditBoxImplAndroid.h">
      <Filter>Header Files\cocos2d</Filter>
    </ClInclude>
    <ClInclude Include="cappuccino-sdk\incl\extensions\GUI\CCEditBox\CCEditBoxImplIOS.h">
      <Filter>Header Files\cocos2d</Filter>
    </ClInclude>
    <ClInclude Include="cappuccino-sdk\incl\extensions\GUI\CCEditBox\CCEditBoxImplMac.h">
      <Filter>Header Files\cocos2d</Filter>
    </ClInclude>
    <ClInclude Include="cappuccino-sdk\incl\extensions\GUI\CCEditBox\CCEditBoxImplTizen.h">
      <Filter>Header Files\cocos2d</Filter>
    </ClInclude>
    <ClInclude Include="cappuccino-sdk\incl\extensions\GUI\CCEditBox\CCEditBoxImplWin.h">
      <Filter>Header Files\cocos2d</Filter>
    </ClInclude>
    <ClInclude Include="cappuccino-sdk\incl\extensions\GUI\CCEditBox\CCEditBoxImplWp8.h">
      <Filter>Header Files\cocos2d</Filter>
    </ClInclude>
    <ClInclude Include="cappuccino-sdk\incl\extensions\GUI\CCScrollView\CCScrollView.h">
      <Filter>Header Files\cocos2d</Filter>
    </ClInclude>
    <ClInclude Include="cappuccino-sdk\incl\extensions\GUI\CCScrollView\CCSorting.h">
      <Filter>Header Files\cocos2d</Filter>
    </ClInclude>
    <ClInclude Include="cappuccino-sdk\incl\extensions\GUI\CCScrollView\CCTableView.h">
      <Filter>Header Files\cocos2d</Filter>
    </ClInclude>
    <ClInclude Include="cappuccino-sdk\incl\extensions\GUI\CCScrollView\CCTableViewCell.h">
      <Filter>Header Files\cocos2d</Filter>
    </ClInclude>
    <ClInclude Include="cappuccino-sdk\incl\extensions\LocalStorage\LocalStorage.h">
      <Filter>Header Files\cocos2d</Filter>
    </ClInclude>
    <ClInclude Include="cappuccino-sdk\incl\extensions\network\HttpClient.h">
      <Filter>Header Files\cocos2d</Filter>
    </ClInclude>
    <ClInclude Include="cappuccino-sdk\incl\extensions\network\HttpRequest.h">
      <Filter>Header Files\cocos2d</Filter>
    </ClInclude>
    <ClInclude Include="cappuccino-sdk\incl\extensions\network\HttpResponse.h">
      <Filter>Header Files\cocos2d</Filter>
    </ClInclude>
    <ClInclude Include="cappuccino-sdk\incl\extensions\network\WebSocket.h">
      <Filter>Header Files\cocos2d</Filter>
    </ClInclude>
    <ClInclude Include="cappuccino-sdk\incl\extensions\physics_nodes\CCPhysicsDebugNode.h">
      <Filter>Header Files\cocos2d</Filter>
    </ClInclude>
    <ClInclude Include="cappuccino-sdk\incl\extensions\physics_nodes\CCPhysicsSprite.h">
      <Filter>Header Files\cocos2d</Filter>
    </ClInclude>
    <ClInclude Include="cappuccino-sdk\incl\extensions\spine\Animation.h">
      <Filter>Header Files\cocos2d</Filter>
    </ClInclude>
    <ClInclude Include="cappuccino-sdk\incl\extensions\spine\AnimationState.h">
      <Filter>Header Files\cocos2d</Filter>
    </ClInclude>
    <ClInclude Include="cappuccino-sdk\incl\extensions\spine\AnimationStateData.h">
      <Filter>Header Files\cocos2d</Filter>
    </ClInclude>
    <ClInclude Include="cappuccino-sdk\incl\extensions\spine\Atlas.h">
      <Filter>Header Files\cocos2d</Filter>
    </ClInclude>
    <ClInclude Include="cappuccino-sdk\incl\extensions\spine\AtlasAttachmentLoader.h">
      <Filter>Header Files\cocos2d</Filter>
    </ClInclude>
    <ClInclude Include="cappuccino-sdk\incl\extensions\spine\Attachment.h">
      <Filter>Header Files\cocos2d</Filter>
    </ClInclude>
    <ClInclude Include="cappuccino-sdk\incl\extensions\spine\AttachmentLoader.h">
      <Filter>Header Files\cocos2d</Filter>
    </ClInclude>
    <ClInclude Include="cappuccino-sdk\incl\extensions\spine\Bone.h">
      <Filter>Header Files\cocos2d</Filter>
    </ClInclude>
    <ClInclude Include="cappuccino-sdk\incl\extensions\spine\BoneData.h">
      <Filter>Header Files\cocos2d</Filter>
    </ClInclude>
    <ClInclude Include="cappuccino-sdk\incl\extensions\spine\CCSkeleton.h">
      <Filter>Header Files\cocos2d</Filter>
    </ClInclude>
    <ClInclude Include="cappuccino-sdk\incl\extensions\spine\CCSkeletonAnimation.h">
      <Filter>Header Files\cocos2d</Filter>
    </ClInclude>
    <ClInclude Include="cappuccino-sdk\incl\extensions\spine\extension.h">
      <Filter>Header Files\cocos2d</Filter>
    </ClInclude>
    <ClInclude Include="cappuccino-sdk\incl\extensions\spine\Json.h">
      <Filter>Header Files\cocos2d</Filter>
    </ClInclude>
    <ClInclude Include="cappuccino-sdk\incl\extensions\spine\RegionAttachment.h">
      <Filter>Header Files\cocos2d</Filter>
    </ClInclude>
    <ClInclude Include="cappuccino-sdk\incl\extensions\spine\Skeleton.h">
      <Filter>Header Files\cocos2d</Filter>
    </ClInclude>
    <ClInclude Include="cappuccino-sdk\incl\extensions\spine\SkeletonData.h">
      <Filter>Header Files\cocos2d</Filter>
    </ClInclude>
    <ClInclude Include="cappuccino-sdk\incl\extensions\spine\SkeletonJson.h">
      <Filter>Header Files\cocos2d</Filter>
    </ClInclude>
    <ClInclude Include="cappuccino-sdk\incl\extensions\spine\Skin.h">
      <Filter>Header Files\cocos2d</Filter>
    </ClInclude>
    <ClInclude Include="cappuccino-sdk\incl\extensions\spine\Slot.h">
      <Filter>Header Files\cocos2d</Filter>
    </ClInclude>
    <ClInclude Include="cappuccino-sdk\incl\extensions\spine\SlotData.h">
      <Filter>Header Files\cocos2d</Filter>
    </ClInclude>
    <ClInclude Include="cappuccino-sdk\incl\extensions\spine\spine-cocos2dx.h">
      <Filter>Header Files\cocos2d</Filter>
    </ClInclude>
    <ClInclude Include="cappuccino-sdk\incl\extensions\spine\spine.h">
      <Filter>Header Files\cocos2d</Filter>
    </ClInclude>
    <ClInclude Include="libs\gd.h\achievement_nodes\AchievementBar.h">
      <Filter>libs\gd.h</Filter>
    </ClInclude>
    <ClInclude Include="libs\gd.h\achievement_nodes\AchievementNotifier.h">
      <Filter>libs\gd.h</Filter>
    </ClInclude>
    <ClInclude Include="libs\gd.h\actions\CCCircleWave.h">
      <Filter>libs\gd.h</Filter>
    </ClInclude>
    <ClInclude Include="libs\gd.h\audio_nodes\AudioEffectsLayer.h">
      <Filter>libs\gd.h</Filter>
    </ClInclude>
    <ClInclude Include="libs\gd.h\audio_nodes\FMODAudioEngine.h">
      <Filter>libs\gd.h</Filter>
    </ClInclude>
    <ClInclude Include="libs\gd.h\delegates\delegates.h">
      <Filter>libs\gd.h</Filter>
    </ClInclude>
    <ClInclude Include="libs\gd.h\include\gd.h">
      <Filter>libs\gd.h</Filter>
    </ClInclude>
    <ClInclude Include="libs\gd.h\include\gdMacros.h">
      <Filter>libs\gd.h</Filter>
    </ClInclude>
    <ClInclude Include="libs\gd.h\include\GDProtocols.h">
      <Filter>libs\gd.h</Filter>
    </ClInclude>
    <ClInclude Include="libs\gd.h\layers_scenes_transitions_nodes\CCBlockLayer.h">
      <Filter>libs\gd.h</Filter>
    </ClInclude>
    <ClInclude Include="libs\gd.h\layers_scenes_transitions_nodes\CCNodeContainer.h">
      <Filter>libs\gd.h</Filter>
    </ClInclude>
    <ClInclude Include="libs\gd.h\layers_scenes_transitions_nodes\CreatorLayer.h">
      <Filter>libs\gd.h</Filter>
    </ClInclude>
    <ClInclude Include="libs\gd.h\layers_scenes_transitions_nodes\EditLevelLayer.h">
      <Filter>libs\gd.h</Filter>
    </ClInclude>
    <ClInclude Include="libs\gd.h\layers_scenes_transitions_nodes\EditorUI.h">
      <Filter>libs\gd.h</Filter>
    </ClInclude>
    <ClInclude Include="libs\gd.h\layers_scenes_transitions_nodes\FLAlertLayer.h">
      <Filter>libs\gd.h</Filter>
    </ClInclude>
    <ClInclude Include="libs\gd.h\layers_scenes_transitions_nodes\GJBaseGameLayer.h">
      <Filter>libs\gd.h</Filter>
    </ClInclude>
    <ClInclude Include="libs\gd.h\layers_scenes_transitions_nodes\GJDropDownLayer.h">
      <Filter>libs\gd.h</Filter>
    </ClInclude>
    <ClInclude Include="libs\gd.h\layers_scenes_transitions_nodes\GJListLayer.h">
      <Filter>libs\gd.h</Filter>
    </ClInclude>
    <ClInclude Include="libs\gd.h\layers_scenes_transitions_nodes\GJSpecialColorSelect.h">
      <Filter>libs\gd.h</Filter>
    </ClInclude>
    <ClInclude Include="libs\gd.h\layers_scenes_transitions_nodes\LevelBrowserLayer.h">
      <Filter>libs\gd.h</Filter>
    </ClInclude>
    <ClInclude Include="libs\gd.h\layers_scenes_transitions_nodes\LevelEditorLayer.h">
      <Filter>libs\gd.h</Filter>
    </ClInclude>
    <ClInclude Include="libs\gd.h\layers_scenes_transitions_nodes\LoadingCircle.h">
      <Filter>libs\gd.h</Filter>
    </ClInclude>
    <ClInclude Include="libs\gd.h\layers_scenes_transitions_nodes\LoadingLayer.h">
      <Filter>libs\gd.h</Filter>
    </ClInclude>
    <ClInclude Include="libs\gd.h\layers_scenes_transitions_nodes\MenuLayer.h">
      <Filter>libs\gd.h</Filter>
    </ClInclude>
    <ClInclude Include="libs\gd.h\layers_scenes_transitions_nodes\NumberInputLayer.h">
      <Filter>libs\gd.h</Filter>
    </ClInclude>
    <ClInclude Include="libs\gd.h\layers_scenes_transitions_nodes\OBB2D.h">
      <Filter>libs\gd.h</Filter>
    </ClInclude>
    <ClInclude Include="libs\gd.h\layers_scenes_transitions_nodes\PauseLayer.h">
      <Filter>libs\gd.h</Filter>
    </ClInclude>
    <ClInclude Include="libs\gd.h\layers_scenes_transitions_nodes\PlayLayer.h">
      <Filter>libs\gd.h</Filter>
    </ClInclude>
    <ClInclude Include="libs\gd.h\layers_scenes_transitions_nodes\SetIDPopup.h">
      <Filter>libs\gd.h</Filter>
    </ClInclude>
    <ClInclude Include="libs\gd.h\layers_scenes_transitions_nodes\TextAlertPopup.h">
      <Filter>libs\gd.h</Filter>
    </ClInclude>
    <ClInclude Include="libs\gd.h\level_nodes\GJGameLevel.h">
      <Filter>libs\gd.h</Filter>
    </ClInclude>
    <ClInclude Include="libs\gd.h\level_nodes\LevelSettingsObject.h">
      <Filter>libs\gd.h</Filter>
    </ClInclude>
    <ClInclude Include="libs\gd.h\manager_nodes\AchievementManager.h">
      <Filter>libs\gd.h</Filter>
    </ClInclude>
    <ClInclude Include="libs\gd.h\manager_nodes\GameLevelManager.h">
      <Filter>libs\gd.h</Filter>
    </ClInclude>
    <ClInclude Include="libs\gd.h\manager_nodes\GameManager.h">
      <Filter>libs\gd.h</Filter>
    </ClInclude>
    <ClInclude Include="libs\gd.h\manager_nodes\GameSoundManager.h">
      <Filter>libs\gd.h</Filter>
    </ClInclude>
    <ClInclude Include="libs\gd.h\manager_nodes\GameStatsManager.h">
      <Filter>libs\gd.h</Filter>
    </ClInclude>
    <ClInclude Include="libs\gd.h\manager_nodes\GJAccountManager.h">
      <Filter>libs\gd.h</Filter>
    </ClInclude>
    <ClInclude Include="libs\gd.h\manager_nodes\GJUserScore.h">
      <Filter>libs\gd.h</Filter>
    </ClInclude>
    <ClInclude Include="libs\gd.h\manager_nodes\GManager.h">
      <Filter>libs\gd.h</Filter>
    </ClInclude>
    <ClInclude Include="libs\gd.h\manager_nodes\LocalLevelManager.h">
      <Filter>libs\gd.h</Filter>
    </ClInclude>
    <ClInclude Include="libs\gd.h\manager_nodes\MusicDownloadManager.h">
      <Filter>libs\gd.h</Filter>
    </ClInclude>
    <ClInclude Include="libs\gd.h\menu_nodes\CCMenuItemSpriteExtra.h">
      <Filter>libs\gd.h</Filter>
    </ClInclude>
    <ClInclude Include="libs\gd.h\menu_nodes\CCMenuItemToggler.h">
      <Filter>libs\gd.h</Filter>
    </ClInclude>
    <ClInclude Include="libs\gd.h\menu_nodes\Slider.h">
      <Filter>libs\gd.h</Filter>
    </ClInclude>
    <ClInclude Include="libs\gd.h\other_nodes\GJSearchObject.h">
      <Filter>libs\gd.h</Filter>
    </ClInclude>
    <ClInclude Include="libs\gd.h\other_nodes\SongInfoObject.h">
      <Filter>libs\gd.h</Filter>
    </ClInclude>
    <ClInclude Include="libs\gd.h\other_nodes\StartPosObject.h">
      <Filter>libs\gd.h</Filter>
    </ClInclude>
    <ClInclude Include="libs\gd.h\scroll_nodes\BoomListView.h">
      <Filter>libs\gd.h</Filter>
    </ClInclude>
    <ClInclude Include="libs\gd.h\scroll_nodes\CCContentLayer.h">
      <Filter>libs\gd.h</Filter>
    </ClInclude>
    <ClInclude Include="libs\gd.h\scroll_nodes\CCIndexPath.h">
      <Filter>libs\gd.h</Filter>
    </ClInclude>
    <ClInclude Include="libs\gd.h\scroll_nodes\CCScrollLayerExt.h">
      <Filter>libs\gd.h</Filter>
    </ClInclude>
    <ClInclude Include="libs\gd.h\scroll_nodes\CustomListView.h">
      <Filter>libs\gd.h</Filter>
    </ClInclude>
    <ClInclude Include="libs\gd.h\scroll_nodes\ScrollingLayer.h">
      <Filter>libs\gd.h</Filter>
    </ClInclude>
    <ClInclude Include="libs\gd.h\scroll_nodes\TableView.h">
      <Filter>libs\gd.h</Filter>
    </ClInclude>
    <ClInclude Include="libs\gd.h\sprite_nodes\AnimatedShopKeeper.h">
      <Filter>libs\gd.h</Filter>
    </ClInclude>
    <ClInclude Include="libs\gd.h\sprite_nodes\ButtonSprite.h">
      <Filter>libs\gd.h</Filter>
    </ClInclude>
    <ClInclude Include="libs\gd.h\sprite_nodes\CCAnimatedSprite.h">
      <Filter>libs\gd.h</Filter>
    </ClInclude>
    <ClInclude Include="libs\gd.h\sprite_nodes\CCSpritePlus.h">
      <Filter>libs\gd.h</Filter>
    </ClInclude>
    <ClInclude Include="libs\gd.h\sprite_nodes\GameObject.h">
      <Filter>libs\gd.h</Filter>
    </ClInclude>
    <ClInclude Include="libs\gd.h\sprite_nodes\GJItemIcon.h">
      <Filter>libs\gd.h</Filter>
    </ClInclude>
    <ClInclude Include="libs\gd.h\sprite_nodes\GJRobotSprite.h">
      <Filter>libs\gd.h</Filter>
    </ClInclude>
    <ClInclude Include="libs\gd.h\sprite_nodes\GJSpiderSprite.h">
      <Filter>libs\gd.h</Filter>
    </ClInclude>
    <ClInclude Include="libs\gd.h\sprite_nodes\PlayerObject.h">
      <Filter>libs\gd.h</Filter>
    </ClInclude>
    <ClInclude Include="libs\gd.h\sprite_nodes\SimplePlayer.h">
      <Filter>libs\gd.h</Filter>
    </ClInclude>
    <ClInclude Include="libs\gd.h\sprite_nodes\TextArea.h">
      <Filter>libs\gd.h</Filter>
    </ClInclude>
    <ClInclude Include="libs\gd.h\text_input_nodes\CCTextInputNode.h">
      <Filter>libs\gd.h</Filter>
    </ClInclude>
    <ClInclude Include="libs\MinHook\MinHook.h">
      <Filter>libs\MinHook</Filter>
    </ClInclude>
    <ClInclude Include="libs\imgui-hook\imgui\backends\imgui_impl_opengl3.h">
      <Filter>libs\ImGui</Filter>
    </ClInclude>
    <ClInclude Include="libs\imgui-hook\imgui\backends\imgui_impl_opengl3_loader.h">
      <Filter>libs\ImGui</Filter>
    </ClInclude>
    <ClInclude Include="libs\imgui-hook\imgui\backends\imgui_impl_win32.h">
      <Filter>libs\ImGui</Filter>
    </ClInclude>
    <ClInclude Include="libs\imgui-hook\imgui\imconfig.h">
      <Filter>libs\ImGui</Filter>
    </ClInclude>
    <ClInclude Include="libs\imgui-hook\imgui\imgui.h">
      <Filter>libs\ImGui</Filter>
    </ClInclude>
    <ClInclude Include="libs\imgui-hook\imgui\imgui_internal.h">
      <Filter>libs\ImGui</Filter>
    </ClInclude>
    <ClInclude Include="libs\imgui-hook\imgui\imstb_rectpack.h">
      <Filter>libs\ImGui</Filter>
    </ClInclude>
    <ClInclude Include="libs\imgui-hook\imgui\imstb_textedit.h">
      <Filter>libs\ImGui</Filter>
    </ClInclude>
    <ClInclude Include="libs\imgui-hook\imgui\imstb_truetype.h">
      <Filter>libs\ImGui</Filter>
    </ClInclude>
    <ClInclude Include="libs\imgui-hook\imgui-hook.hpp">
      <Filter>libs\ImGui</Filter>
    </ClInclude>
    <ClInclude Include="menu.h">
      <Filter>Header Files</Filter>
    </ClInclude>
    <ClInclude Include="state.h">
      <Filter>Header Files</Filter>
    </ClInclude>
    <ClInclude Include="libs\gd.h\layers_scenes_transitions_nodes\MenuGameLayer.h">
      <Filter>libs\gd.h</Filter>
    </ClInclude>
    <ClInclude Include="libs\gd.h\layers_scenes_transitions_nodes\EndLevelLayer.h">
      <Filter>libs\gd.h</Filter>
    </ClInclude>
    <ClInclude Include="libs\gd.h\manager_nodes\ObjectToolbox.h">
      <Filter>libs\gd.h</Filter>
    </ClInclude>
    <ClInclude Include="explorer.h">
      <Filter>Header Files</Filter>
    </ClInclude>
    <ClInclude Include="utils.hpp">
      <Filter>Header Files</Filter>
    </ClInclude>
    <ClInclude Include="libs\gd.h\layers_scenes_transitions_nodes\LevelInfoLayer.h">
      <Filter>libs\gd.h</Filter>
    </ClInclude>
    <ClInclude Include="libs\mat-dash\include\matdash\boilerplate.hpp">
      <Filter>libs\mat-dash</Filter>
    </ClInclude>
    <ClInclude Include="libs\mat-dash\include\matdash\cocos.hpp">
      <Filter>libs\mat-dash</Filter>
    </ClInclude>
    <ClInclude Include="libs\mat-dash\include\matdash\console.hpp">
      <Filter>libs\mat-dash</Filter>
    </ClInclude>
    <ClInclude Include="libs\mat-dash\include\matdash\detail\gen.hpp">
      <Filter>libs\mat-dash</Filter>
    </ClInclude>
    <ClInclude Include="libs\mat-dash\include\matdash\detail\impl.hpp">
      <Filter>libs\mat-dash</Filter>
    </ClInclude>
    <ClInclude Include="libs\mat-dash\include\matdash\minhook.hpp">
      <Filter>libs\mat-dash</Filter>
    </ClInclude>
    <ClInclude Include="libs\mat-dash\include\matdash.hpp">
      <Filter>libs\mat-dash</Filter>
    </ClInclude>
    <ClInclude Include="libs\matplist.hpp">
      <Filter>libs</Filter>
    </ClInclude>
    <ClInclude Include="libs\gd.h\sprite_nodes\HardStreak.h">
      <Filter>libs\gd.h</Filter>
    </ClInclude>
    <ClInclude Include="matplist.hpp">
      <Filter>Header Files</Filter>
    </ClInclude>
    <ClInclude Include="libs\gd.h\layers_scenes_transitions_nodes\DrawGridLayer.h">
      <Filter>libs\gd.h</Filter>
    </ClInclude>
    <ClInclude Include="libs\gd.h\level_nodes\CustomColorMode.h">
      <Filter>libs\gd.h</Filter>
    </ClInclude>
    <ClInclude Include="libs\gd.h\level_nodes\ColorAction.h">
      <Filter>libs\gd.h</Filter>
    </ClInclude>
    <ClInclude Include="PlayLayer.h">
      <Filter>Header Files\Hooks</Filter>
    </ClInclude>
    <ClInclude Include="ObjectToolbox.h">
      <Filter>Header Files\Hooks</Filter>
    </ClInclude>
    <ClInclude Include="libs\gd.h\layers_scenes_transitions_nodes\MoreOptionsLayer.h">
      <Filter>libs\gd.h</Filter>
    </ClInclude>
    <ClInclude Include="MenuLayer.h">
      <Filter>Header Files\Hooks</Filter>
    </ClInclude>
    <ClInclude Include="libs\gd.h\layers_scenes_transitions_nodes\LevelSearchLayer.h">
      <Filter>libs\gd.h</Filter>
    </ClInclude>
    <ClInclude Include="CrashLogger.hpp">
      <Filter>Header Files</Filter>
    </ClInclude>
    <ClInclude Include="preview-mode.hpp">
      <Filter>Header Files\Hooks</Filter>
    </ClInclude>
    <ClInclude Include="lvl-share.hpp">
      <Filter>Header Files\Hooks</Filter>
    </ClInclude>
    <ClInclude Include="SimplePlayer.h">
      <Filter>Header Files\Hooks</Filter>
    </ClInclude>
    <ClInclude Include="Speedhack.hpp">
      <Filter>Header Files</Filter>
    </ClInclude>
    <ClInclude Include="Labels.h">
      <Filter>Header Files</Filter>
    </ClInclude>
    <ClInclude Include="GJGarageLayer.h">
      <Filter>Header Files\Hooks</Filter>
    </ClInclude>
    <ClInclude Include="libs\gd.h\layers_scenes_transitions_nodes\GJGarageLayer.h">
      <Filter>libs\gd.h</Filter>
    </ClInclude>
    <ClInclude Include="CheckPoint.h">
      <Filter>Header Files\Polz2</Filter>
    </ClInclude>
    <ClInclude Include="GameVariables.hpp">
      <Filter>Header Files\Polz2</Filter>
    </ClInclude>
    <ClInclude Include="Hitboxes.h">
      <Filter>Header Files\Polz2</Filter>
    </ClInclude>
    <ClInclude Include="ObjectsIds.h">
      <Filter>Header Files\Polz2</Filter>
    </ClInclude>
    <ClInclude Include="Icons.h">
      <Filter>Header Files\Polz2</Filter>
    </ClInclude>
    <ClInclude Include="hsv.hpp">
      <Filter>Header Files\Polz2</Filter>
    </ClInclude>
    <ClInclude Include="moveForCommand.h">
      <Filter>Header Files\Polz2</Filter>
    </ClInclude>
    <ClInclude Include="libs\gd.h\layers_scenes_transitions_nodes\CustomSongLayer.h">
      <Filter>libs\gd.h</Filter>
    </ClInclude>
    <ClInclude Include="nodes.hpp">
      <Filter>Header Files\Polz2</Filter>
    </ClInclude>
    <ClInclude Include="EditorSettingsLayer.hpp">
      <Filter>Header Files\Polz2</Filter>
    </ClInclude>
    <ClInclude Include="RotatingSaws.hpp">
      <Filter>Header Files</Filter>
    </ClInclude>
    <ClInclude Include="RGBColorInputWidget.hpp">
      <Filter>Header Files\Polz2</Filter>
    </ClInclude>
    <ClInclude Include="schema.hpp">
      <Filter>Header Files</Filter>
    </ClInclude>
    <ClInclude Include="libs\gd.h\layers_scenes_transitions_nodes\InfoLayer.h">
      <Filter>libs\gd.h</Filter>
    </ClInclude>
    <ClInclude Include="LevelBrowserLayer.h">
      <Filter>Header Files\Hooks</Filter>
    </ClInclude>
    <ClInclude Include="libs\gd.h\layers_scenes_transitions_nodes\LeaderboardsLayer.h">
      <Filter>libs\gd.h</Filter>
    </ClInclude>
    <ClInclude Include="SonicWaveFirstWave.hpp">
      <Filter>Header Files\Polz2</Filter>
    </ClInclude>
    <ClInclude Include="libs\gd.h\layers_scenes_transitions_nodes\GJScoreCell.h">
      <Filter>libs\gd.h</Filter>
    </ClInclude>
    <ClInclude Include="GJScoreCell.h">
      <Filter>Header Files\Hooks</Filter>
    </ClInclude>
    <ClInclude Include="libs\imgui-hook\imgui\misc\cpp\imgui_stdlib.h">
      <Filter>libs\ImGui</Filter>
    </ClInclude>
    <ClInclude Include="InfoLayer.hpp">
      <Filter>Header Files</Filter>
    </ClInclude>
    <ClInclude Include="libs\gd.h\level_nodes\GJComment.h">
      <Filter>libs\gd.h</Filter>
    </ClInclude>
    <ClInclude Include="libs\gd.h\layers_scenes_transitions_nodes\CommentCell.h">
      <Filter>libs\gd.h</Filter>
    </ClInclude>
    <ClInclude Include="SpeedHack.h">
      <Filter>Header Files\Polz2</Filter>
    </ClInclude>
    <ClInclude Include="libs\detours\detours.h">
      <Filter>libs\detours</Filter>
    </ClInclude>
    <ClInclude Include="libs\detours\detver.h">
      <Filter>libs\detours</Filter>
    </ClInclude>
    <ClInclude Include="portable-file-dialogs.h">
      <Filter>Header Files</Filter>
    </ClInclude>
    <ClInclude Include="TrajectorySimulation.h">
      <Filter>Header Files\Polz2</Filter>
    </ClInclude>
    <ClInclude Include="share.hpp">
      <Filter>Header Files</Filter>
    </ClInclude>
    <ClInclude Include="libs\nfd\src\common.h">
      <Filter>libs\nfd</Filter>
    </ClInclude>
    <ClInclude Include="libs\nfd\src\ftg_core.h">
      <Filter>libs\nfd</Filter>
    </ClInclude>
    <ClInclude Include="libs\nfd\src\include\nfd.h">
      <Filter>libs\nfd</Filter>
    </ClInclude>
    <ClInclude Include="libs\nfd\src\nfd_common.h">
      <Filter>libs\nfd</Filter>
    </ClInclude>
    <ClInclude Include="libs\gd.h\layers_scenes_transitions_nodes\ColorSelectPopup.h">
      <Filter>libs\gd.h</Filter>
    </ClInclude>
    <ClInclude Include="EditorObjectLayering.hpp">
      <Filter>Header Files\Polz2</Filter>
    </ClInclude>
  </ItemGroup>
  <ItemGroup>
    <ClCompile Include="dllmain.cpp">
      <Filter>Source Files</Filter>
    </ClCompile>
    <ClCompile Include="pch.cpp">
      <Filter>Source Files</Filter>
    </ClCompile>
    <ClCompile Include="libs\imgui-hook\imgui\backends\imgui_impl_opengl3.cpp">
      <Filter>libs\ImGui</Filter>
    </ClCompile>
    <ClCompile Include="libs\imgui-hook\imgui\backends\imgui_impl_win32.cpp">
      <Filter>libs\ImGui</Filter>
    </ClCompile>
    <ClCompile Include="libs\imgui-hook\imgui\imgui.cpp">
      <Filter>libs\ImGui</Filter>
    </ClCompile>
    <ClCompile Include="libs\imgui-hook\imgui\imgui_demo.cpp">
      <Filter>libs\ImGui</Filter>
    </ClCompile>
    <ClCompile Include="libs\imgui-hook\imgui\imgui_draw.cpp">
      <Filter>libs\ImGui</Filter>
    </ClCompile>
    <ClCompile Include="libs\imgui-hook\imgui\imgui_tables.cpp">
      <Filter>libs\ImGui</Filter>
    </ClCompile>
    <ClCompile Include="libs\imgui-hook\imgui\imgui_widgets.cpp">
      <Filter>libs\ImGui</Filter>
    </ClCompile>
    <ClCompile Include="libs\imgui-hook\imgui-hook.cpp">
      <Filter>libs\ImGui</Filter>
    </ClCompile>
    <ClCompile Include="lvl-share.cpp">
      <Filter>Source Files\Hooks</Filter>
    </ClCompile>
    <ClCompile Include="GJGarageLayer.cpp">
      <Filter>Source Files\Hooks</Filter>
    </ClCompile>
    <ClCompile Include="MenuLayer.cpp">
      <Filter>Source Files\Hooks</Filter>
    </ClCompile>
    <ClCompile Include="ObjectToolbox.cpp">
      <Filter>Source Files\Hooks</Filter>
    </ClCompile>
    <ClCompile Include="PlayLayer.cpp">
      <Filter>Source Files\Hooks</Filter>
    </ClCompile>
    <ClCompile Include="preview-mode.cpp">
      <Filter>Source Files\Hooks</Filter>
    </ClCompile>
    <ClCompile Include="SimplePlayer.cpp">
      <Filter>Source Files\Hooks</Filter>
    </ClCompile>
    <ClCompile Include="state.cpp">
      <Filter>Source Files</Filter>
    </ClCompile>
    <ClCompile Include="menu.cpp">
      <Filter>Source Files</Filter>
    </ClCompile>
    <ClCompile Include="Labels.cpp">
      <Filter>Source Files</Filter>
    </ClCompile>
    <ClCompile Include="explorer.cpp">
      <Filter>Source Files</Filter>
    </ClCompile>
    <ClCompile Include="CrashLogger.cpp">
      <Filter>Source Files</Filter>
    </ClCompile>
    <ClCompile Include="Hitboxes.cpp">
      <Filter>Source Files\Polz2</Filter>
    </ClCompile>
    <ClCompile Include="nodes.cpp">
      <Filter>Source Files\Polz2</Filter>
    </ClCompile>
    <ClCompile Include="EditorSettingsLayer.cpp">
      <Filter>Source Files\Polz2</Filter>
    </ClCompile>
    <ClCompile Include="RotatingSaws.cpp">
      <Filter>Source Files\Polz2</Filter>
    </ClCompile>
    <ClCompile Include="RGBColorInputWidget.cpp">
      <Filter>Source Files\Polz2</Filter>
    </ClCompile>
    <ClCompile Include="LevelBrowserLayer.cpp">
      <Filter>Source Files\Hooks</Filter>
    </ClCompile>
    <ClCompile Include="SonicWaveFirstWave.cpp">
      <Filter>Source Files\Polz2</Filter>
    </ClCompile>
    <ClCompile Include="GJScoreCell.cpp">
      <Filter>Source Files\Hooks</Filter>
    </ClCompile>
    <ClCompile Include="libs\imgui-hook\imgui\misc\cpp\imgui_stdlib.cpp">
      <Filter>libs\ImGui</Filter>
    </ClCompile>
    <ClCompile Include="managerViewer.h">
      <Filter>Header Files\Polz2</Filter>
    </ClCompile>
    <ClCompile Include="managerViewer.cpp">
      <Filter>Source Files\Polz2</Filter>
    </ClCompile>
    <ClCompile Include="InfoLayer.cpp">
      <Filter>Source Files\Hooks</Filter>
    </ClCompile>
    <ClCompile Include="CommentCell.h">
      <Filter>Header Files\Hooks</Filter>
    </ClCompile>
    <ClCompile Include="CommentCell.cpp">
      <Filter>Source Files\Hooks</Filter>
    </ClCompile>
    <ClCompile Include="SpeedHack.cpp">
      <Filter>Source Files\Polz2</Filter>
    </ClCompile>
    <ClCompile Include="TrajectorySimulation.cpp">
      <Filter>Source Files\Polz2</Filter>
    </ClCompile>
    <ClCompile Include="libs\nfd\src\nfd_common.c">
      <Filter>libs\nfd</Filter>
    </ClCompile>
    <ClCompile Include="libs\nfd\src\nfd_win.cpp">
      <Filter>libs\nfd</Filter>
    </ClCompile>
    <ClCompile Include="EditorObjectLayering.cpp">
      <Filter>Source Files\Polz2</Filter>
    </ClCompile>
  </ItemGroup>
  <ItemGroup>
    <Library Include="libs\MinHook\libMinHook-x86-v141-mtd.lib">
      <Filter>libs\MinHook</Filter>
    </Library>
    <Library Include="libs\glew32.lib">
      <Filter>libs</Filter>
    </Library>
    <Library Include="libs\detours\libdetours.lib">
      <Filter>libs\detours</Filter>
    </Library>
  </ItemGroup>
</Project>